PODS:
  - Charts (2.2.1):
    - Charts/Core (= 2.2.1)
  - Charts/Core (2.2.1)
  - MJRefresh (3.1.0)
  - Realm (0.97.1):
    - Realm/Headers (= 0.97.1)
  - Realm/Headers (0.97.1)
  - RealmSwift (0.97.1):
    - Realm (= 0.97.1)
  - SWTableViewCell (0.3.7)
  - Tactile (1.1)
  - UICountingLabel (1.4.0)

DEPENDENCIES:
  - Charts
  - MJRefresh
  - RealmSwift
  - SWTableViewCell (~> 0.3.7)
  - Tactile (~> 1.0)
  - UICountingLabel

SPEC CHECKSUMS:
  Charts: 3ff893c1a4416ab6abed7a6d26fa1c13372f3456
  MJRefresh: 743e6404967d1c2c688472ea3ecfde247d872db4
  Realm: 6854f49cc788171573a0605fe5e55d3224bc39f9
  RealmSwift: 21aa38ae5210a8e7d3ca2fd02a0ce82476672101
  SWTableViewCell: 2a94aadc9d47b2b611fa064566bf57948b95b579
  Tactile: df7f5889b9cb276456cd8b4147ab8d98fb5b7e19
  UICountingLabel: ed5ce5b6d5ef278ff40d99cfa49577a30ab0c87b

COCOAPODS: 0.39.0
