// !$*UTF8*$!
{
	archiveVersion = 1;
	classes = {
	};
	objectVersion = 46;
	objects = {

/* Begin PBXBuildFile section */
		5F0FF4807D3E5507AB92CDCB /* Pods.framework in Frameworks */ = {isa = PBXBuildFile; fileRef = 90C5E098CEB512BE7A2D8640 /* Pods.framework */; settings = {ATTRIBUTES = (Weak, ); }; };
		710DB38C1B81DFF6003E74FA /* AppDelegate.swift in Sources */ = {isa = PBXBuildFile; fileRef = 710DB38B1B81DFF6003E74FA /* AppDelegate.swift */; };
		710DB38E1B81DFF6003E74FA /* ViewController.swift in Sources */ = {isa = PBXBuildFile; fileRef = 710DB38D1B81DFF6003E74FA /* ViewController.swift */; };
		710DB3911B81DFF6003E74FA /* Main.storyboard in Resources */ = {isa = PBXBuildFile; fileRef = 710DB38F1B81DFF6003E74FA /* Main.storyboard */; };
		710DB3931B81DFF6003E74FA /* Assets.xcassets in Resources */ = {isa = PBXBuildFile; fileRef = 710DB3921B81DFF6003E74FA /* Assets.xcassets */; };
		710DB3961B81DFF6003E74FA /* LaunchScreen.storyboard in Resources */ = {isa = PBXBuildFile; fileRef = 710DB3941B81DFF6003E74FA /* LaunchScreen.storyboard */; };
		710DB3A11B81DFF6003E74FA /* KuaijizhangTests.swift in Sources */ = {isa = PBXBuildFile; fileRef = 710DB3A01B81DFF6003E74FA /* KuaijizhangTests.swift */; };
		710DB3AC1B81DFF6003E74FA /* KuaijizhangUITests.swift in Sources */ = {isa = PBXBuildFile; fileRef = 710DB3AB1B81DFF6003E74FA /* KuaijizhangUITests.swift */; };
		710DB3BC1B8247CB003E74FA /* AddBillViewController.swift in Sources */ = {isa = PBXBuildFile; fileRef = 710DB3BB1B8247CB003E74FA /* AddBillViewController.swift */; };
		711176851B93526300170668 /* DateViewController.swift in Sources */ = {isa = PBXBuildFile; fileRef = 711176841B93526300170668 /* DateViewController.swift */; };
		711C67161B94894800219806 /* LabelTableViewController.swift in Sources */ = {isa = PBXBuildFile; fileRef = 711C67151B94894800219806 /* LabelTableViewController.swift */; };
		711C67181B94896F00219806 /* AddLabelViewController.swift in Sources */ = {isa = PBXBuildFile; fileRef = 711C67171B94896F00219806 /* AddLabelViewController.swift */; };
		711C671D1B94958500219806 /* another.storyboard in Resources */ = {isa = PBXBuildFile; fileRef = 711C671C1B94958500219806 /* another.storyboard */; };
		712816481B92DE8200539691 /* NumberPadViewController.swift in Sources */ = {isa = PBXBuildFile; fileRef = 712816471B92DE8200539691 /* NumberPadViewController.swift */; };
		7130EB821B95E5C000A57A5F /* AddBillComponentsPageViewController.swift in Sources */ = {isa = PBXBuildFile; fileRef = 7130EB811B95E5C000A57A5F /* AddBillComponentsPageViewController.swift */; };
		714019061B8327AC00C97048 /* AccountBookViewController.swift in Sources */ = {isa = PBXBuildFile; fileRef = 714019051B8327AC00C97048 /* AccountBookViewController.swift */; };
		715DD0DF1B8F5B430004ECAB /* CameraUIButton.swift in Sources */ = {isa = PBXBuildFile; fileRef = 715DD0DE1B8F5B430004ECAB /* CameraUIButton.swift */; };
		7179DA5B1B84E7E800A4D880 /* InfoPanelOfPortalView.swift in Sources */ = {isa = PBXBuildFile; fileRef = 7179DA5A1B84E7E800A4D880 /* InfoPanelOfPortalView.swift */; };
		7179DA6F1B85D05E00A4D880 /* ColumnChart.swift in Sources */ = {isa = PBXBuildFile; fileRef = 7179DA6E1B85D05E00A4D880 /* ColumnChart.swift */; };
		7179DA711B85E67800A4D880 /* ColorBox.swift in Sources */ = {isa = PBXBuildFile; fileRef = 7179DA701B85E67800A4D880 /* ColorBox.swift */; };
		7196DB181B8339510029A2A3 /* BillStreamViewController.swift in Sources */ = {isa = PBXBuildFile; fileRef = 7196DB171B8339510029A2A3 /* BillStreamViewController.swift */; };
		7196DB1A1B8339660029A2A3 /* StatementViewController.swift in Sources */ = {isa = PBXBuildFile; fileRef = 7196DB191B8339660029A2A3 /* StatementViewController.swift */; };
		7196DB1C1B8339800029A2A3 /* MoreViewController.swift in Sources */ = {isa = PBXBuildFile; fileRef = 7196DB1B1B8339800029A2A3 /* MoreViewController.swift */; };
		7196DB1E1B8384860029A2A3 /* PushSegue.swift in Sources */ = {isa = PBXBuildFile; fileRef = 7196DB1D1B8384860029A2A3 /* PushSegue.swift */; };
		71AC48451BD21D050008B4F8 /* PreviewViewController.swift in Sources */ = {isa = PBXBuildFile; fileRef = 71AC48441BD21D050008B4F8 /* PreviewViewController.swift */; };
		71AC48471BD242FB0008B4F8 /* Extension.swift in Sources */ = {isa = PBXBuildFile; fileRef = 71AC48461BD242FB0008B4F8 /* Extension.swift */; };
		71FB01C91B934A4C00575D5C /* PickerViewController.swift in Sources */ = {isa = PBXBuildFile; fileRef = 71FB01C81B934A4C00575D5C /* PickerViewController.swift */; };
		71FB01CB1B934AB100575D5C /* football.plist in Resources */ = {isa = PBXBuildFile; fileRef = 71FB01CA1B934AB100575D5C /* football.plist */; };
/* End PBXBuildFile section */

/* Begin PBXContainerItemProxy section */
		710DB39D1B81DFF6003E74FA /* PBXContainerItemProxy */ = {
			isa = PBXContainerItemProxy;
			containerPortal = 710DB3801B81DFF6003E74FA /* Project object */;
			proxyType = 1;
			remoteGlobalIDString = 710DB3871B81DFF6003E74FA;
			remoteInfo = Kuaijizhang;
		};
		710DB3A81B81DFF6003E74FA /* PBXContainerItemProxy */ = {
			isa = PBXContainerItemProxy;
			containerPortal = 710DB3801B81DFF6003E74FA /* Project object */;
			proxyType = 1;
			remoteGlobalIDString = 710DB3871B81DFF6003E74FA;
			remoteInfo = Kuaijizhang;
		};
		71326C8C1BCEAB1500E84E54 /* PBXContainerItemProxy */ = {
			isa = PBXContainerItemProxy;
			containerPortal = 71326C871BCEAB1500E84E54 /* FDStackViewDemo.xcodeproj */;
			proxyType = 2;
			remoteGlobalIDString = 48A129841B9BE5E500EF9265;
			remoteInfo = FDStackViewDemo;
		};
		71326C8E1BCEAB1500E84E54 /* PBXContainerItemProxy */ = {
			isa = PBXContainerItemProxy;
			containerPortal = 71326C871BCEAB1500E84E54 /* FDStackViewDemo.xcodeproj */;
			proxyType = 2;
			remoteGlobalIDString = 484BAAF11BC66FC100D86EBB;
			remoteInfo = FDStackViewPatch;
		};
/* End PBXContainerItemProxy section */

/* Begin PBXFileReference section */
		2F694ECA293A1AC5422BD727 /* Pods.debug.xcconfig */ = {isa = PBXFileReference; includeInIndex = 1; lastKnownFileType = text.xcconfig; name = Pods.debug.xcconfig; path = "Pods/Target Support Files/Pods/Pods.debug.xcconfig"; sourceTree = "<group>"; };
		3D7F154DE9342BFDBA62A406 /* Pods.release.xcconfig */ = {isa = PBXFileReference; includeInIndex = 1; lastKnownFileType = text.xcconfig; name = Pods.release.xcconfig; path = "Pods/Target Support Files/Pods/Pods.release.xcconfig"; sourceTree = "<group>"; };
		710DB3881B81DFF6003E74FA /* Kuaijizhang.app */ = {isa = PBXFileReference; explicitFileType = wrapper.application; includeInIndex = 0; path = Kuaijizhang.app; sourceTree = BUILT_PRODUCTS_DIR; };
		710DB38B1B81DFF6003E74FA /* AppDelegate.swift */ = {isa = PBXFileReference; lastKnownFileType = sourcecode.swift; path = AppDelegate.swift; sourceTree = "<group>"; };
		710DB38D1B81DFF6003E74FA /* ViewController.swift */ = {isa = PBXFileReference; lastKnownFileType = sourcecode.swift; path = ViewController.swift; sourceTree = "<group>"; };
		710DB3901B81DFF6003E74FA /* Base */ = {isa = PBXFileReference; lastKnownFileType = file.storyboard; name = Base; path = Base.lproj/Main.storyboard; sourceTree = "<group>"; };
		710DB3921B81DFF6003E74FA /* Assets.xcassets */ = {isa = PBXFileReference; lastKnownFileType = folder.assetcatalog; path = Assets.xcassets; sourceTree = "<group>"; };
		710DB3951B81DFF6003E74FA /* Base */ = {isa = PBXFileReference; lastKnownFileType = file.storyboard; name = Base; path = Base.lproj/LaunchScreen.storyboard; sourceTree = "<group>"; };
		710DB3971B81DFF6003E74FA /* Info.plist */ = {isa = PBXFileReference; lastKnownFileType = text.plist.xml; path = Info.plist; sourceTree = "<group>"; };
		710DB39C1B81DFF6003E74FA /* KuaijizhangTests.xctest */ = {isa = PBXFileReference; explicitFileType = wrapper.cfbundle; includeInIndex = 0; path = KuaijizhangTests.xctest; sourceTree = BUILT_PRODUCTS_DIR; };
		710DB3A01B81DFF6003E74FA /* KuaijizhangTests.swift */ = {isa = PBXFileReference; lastKnownFileType = sourcecode.swift; path = KuaijizhangTests.swift; sourceTree = "<group>"; };
		710DB3A21B81DFF6003E74FA /* Info.plist */ = {isa = PBXFileReference; lastKnownFileType = text.plist.xml; path = Info.plist; sourceTree = "<group>"; };
		710DB3A71B81DFF6003E74FA /* KuaijizhangUITests.xctest */ = {isa = PBXFileReference; explicitFileType = wrapper.cfbundle; includeInIndex = 0; path = KuaijizhangUITests.xctest; sourceTree = BUILT_PRODUCTS_DIR; };
		710DB3AB1B81DFF6003E74FA /* KuaijizhangUITests.swift */ = {isa = PBXFileReference; lastKnownFileType = sourcecode.swift; path = KuaijizhangUITests.swift; sourceTree = "<group>"; };
		710DB3AD1B81DFF6003E74FA /* Info.plist */ = {isa = PBXFileReference; lastKnownFileType = text.plist.xml; path = Info.plist; sourceTree = "<group>"; };
		710DB3BB1B8247CB003E74FA /* AddBillViewController.swift */ = {isa = PBXFileReference; fileEncoding = 4; lastKnownFileType = sourcecode.swift; path = AddBillViewController.swift; sourceTree = "<group>"; };
		711176841B93526300170668 /* DateViewController.swift */ = {isa = PBXFileReference; fileEncoding = 4; lastKnownFileType = sourcecode.swift; path = DateViewController.swift; sourceTree = "<group>"; };
		711C67151B94894800219806 /* LabelTableViewController.swift */ = {isa = PBXFileReference; fileEncoding = 4; lastKnownFileType = sourcecode.swift; path = LabelTableViewController.swift; sourceTree = "<group>"; };
		711C67171B94896F00219806 /* AddLabelViewController.swift */ = {isa = PBXFileReference; fileEncoding = 4; lastKnownFileType = sourcecode.swift; path = AddLabelViewController.swift; sourceTree = "<group>"; };
		711C671C1B94958500219806 /* another.storyboard */ = {isa = PBXFileReference; fileEncoding = 4; lastKnownFileType = file.storyboard; path = another.storyboard; sourceTree = "<group>"; };
		712816461B91D49600539691 /* swift-objc-bridging-header.h */ = {isa = PBXFileReference; lastKnownFileType = sourcecode.c.h; path = "swift-objc-bridging-header.h"; sourceTree = "<group>"; };
		712816471B92DE8200539691 /* NumberPadViewController.swift */ = {isa = PBXFileReference; fileEncoding = 4; lastKnownFileType = sourcecode.swift; path = NumberPadViewController.swift; sourceTree = "<group>"; };
		7130EB811B95E5C000A57A5F /* AddBillComponentsPageViewController.swift */ = {isa = PBXFileReference; fileEncoding = 4; lastKnownFileType = sourcecode.swift; path = AddBillComponentsPageViewController.swift; sourceTree = "<group>"; };
		71326C871BCEAB1500E84E54 /* FDStackViewDemo.xcodeproj */ = {isa = PBXFileReference; lastKnownFileType = "wrapper.pb-project"; name = FDStackViewDemo.xcodeproj; path = ../FDStackView/FDStackViewDemo.xcodeproj; sourceTree = "<group>"; };
		714019051B8327AC00C97048 /* AccountBookViewController.swift */ = {isa = PBXFileReference; fileEncoding = 4; lastKnownFileType = sourcecode.swift; path = AccountBookViewController.swift; sourceTree = "<group>"; };
		715DD0DE1B8F5B430004ECAB /* CameraUIButton.swift */ = {isa = PBXFileReference; fileEncoding = 4; lastKnownFileType = sourcecode.swift; path = CameraUIButton.swift; sourceTree = "<group>"; };
		7179DA5A1B84E7E800A4D880 /* InfoPanelOfPortalView.swift */ = {isa = PBXFileReference; fileEncoding = 4; lastKnownFileType = sourcecode.swift; path = InfoPanelOfPortalView.swift; sourceTree = "<group>"; };
		7179DA6E1B85D05E00A4D880 /* ColumnChart.swift */ = {isa = PBXFileReference; fileEncoding = 4; lastKnownFileType = sourcecode.swift; path = ColumnChart.swift; sourceTree = "<group>"; };
		7179DA701B85E67800A4D880 /* ColorBox.swift */ = {isa = PBXFileReference; fileEncoding = 4; lastKnownFileType = sourcecode.swift; path = ColorBox.swift; sourceTree = "<group>"; };
		7196DB171B8339510029A2A3 /* BillStreamViewController.swift */ = {isa = PBXFileReference; fileEncoding = 4; lastKnownFileType = sourcecode.swift; path = BillStreamViewController.swift; sourceTree = "<group>"; };
		7196DB191B8339660029A2A3 /* StatementViewController.swift */ = {isa = PBXFileReference; fileEncoding = 4; lastKnownFileType = sourcecode.swift; path = StatementViewController.swift; sourceTree = "<group>"; };
		7196DB1B1B8339800029A2A3 /* MoreViewController.swift */ = {isa = PBXFileReference; fileEncoding = 4; lastKnownFileType = sourcecode.swift; path = MoreViewController.swift; sourceTree = "<group>"; };
		7196DB1D1B8384860029A2A3 /* PushSegue.swift */ = {isa = PBXFileReference; fileEncoding = 4; lastKnownFileType = sourcecode.swift; path = PushSegue.swift; sourceTree = "<group>"; };
		71AC48441BD21D050008B4F8 /* PreviewViewController.swift */ = {isa = PBXFileReference; fileEncoding = 4; lastKnownFileType = sourcecode.swift; path = PreviewViewController.swift; sourceTree = "<group>"; };
		71AC48461BD242FB0008B4F8 /* Extension.swift */ = {isa = PBXFileReference; fileEncoding = 4; lastKnownFileType = sourcecode.swift; path = Extension.swift; sourceTree = "<group>"; };
		71FB01C81B934A4C00575D5C /* PickerViewController.swift */ = {isa = PBXFileReference; fileEncoding = 4; lastKnownFileType = sourcecode.swift; path = PickerViewController.swift; sourceTree = "<group>"; };
		71FB01CA1B934AB100575D5C /* football.plist */ = {isa = PBXFileReference; fileEncoding = 4; lastKnownFileType = text.plist.xml; path = football.plist; sourceTree = "<group>"; };
		90C5E098CEB512BE7A2D8640 /* Pods.framework */ = {isa = PBXFileReference; explicitFileType = wrapper.framework; includeInIndex = 0; path = Pods.framework; sourceTree = BUILT_PRODUCTS_DIR; };
/* End PBXFileReference section */

/* Begin PBXFrameworksBuildPhase section */
		710DB3851B81DFF6003E74FA /* Frameworks */ = {
			isa = PBXFrameworksBuildPhase;
			buildActionMask = 2147483647;
			files = (
				5F0FF4807D3E5507AB92CDCB /* Pods.framework in Frameworks */,
			);
			runOnlyForDeploymentPostprocessing = 0;
		};
		710DB3991B81DFF6003E74FA /* Frameworks */ = {
			isa = PBXFrameworksBuildPhase;
			buildActionMask = 2147483647;
			files = (
			);
			runOnlyForDeploymentPostprocessing = 0;
		};
		710DB3A41B81DFF6003E74FA /* Frameworks */ = {
			isa = PBXFrameworksBuildPhase;
			buildActionMask = 2147483647;
			files = (
			);
			runOnlyForDeploymentPostprocessing = 0;
		};
/* End PBXFrameworksBuildPhase section */

/* Begin PBXGroup section */
		60339B34CB1EFD84054144F7 /* Pods */ = {
			isa = PBXGroup;
			children = (
				2F694ECA293A1AC5422BD727 /* Pods.debug.xcconfig */,
				3D7F154DE9342BFDBA62A406 /* Pods.release.xcconfig */,
			);
			name = Pods;
			sourceTree = "<group>";
		};
		710DB37F1B81DFF6003E74FA = {
			isa = PBXGroup;
			children = (
				710DB38A1B81DFF6003E74FA /* Kuaijizhang */,
				710DB39F1B81DFF6003E74FA /* KuaijizhangTests */,
				710DB3AA1B81DFF6003E74FA /* KuaijizhangUITests */,
				710DB3891B81DFF6003E74FA /* Products */,
				60339B34CB1EFD84054144F7 /* Pods */,
				B8EA83A42DE02B9F281AB1A4 /* Frameworks */,
			);
			sourceTree = "<group>";
		};
		710DB3891B81DFF6003E74FA /* Products */ = {
			isa = PBXGroup;
			children = (
				710DB3881B81DFF6003E74FA /* Kuaijizhang.app */,
				710DB39C1B81DFF6003E74FA /* KuaijizhangTests.xctest */,
				710DB3A71B81DFF6003E74FA /* KuaijizhangUITests.xctest */,
			);
			name = Products;
			sourceTree = "<group>";
		};
		710DB38A1B81DFF6003E74FA /* Kuaijizhang */ = {
			isa = PBXGroup;
			children = (
				71AC48481BD243070008B4F8 /* extension */,
				710DB38B1B81DFF6003E74FA /* AppDelegate.swift */,
				715A53631B89AF32009E7DF2 /* animation */,
				715A53621B89AF06009E7DF2 /* conmmon */,
				7179DA671B857C0C00A4D880 /* more */,
				7179DA661B857C0300A4D880 /* statement */,
				7179DA651B857BFC00A4D880 /* bill stream */,
				7179DA641B857BEF00A4D880 /* account book */,
				7179DA601B857B8000A4D880 /* portal */,
				710DB38F1B81DFF6003E74FA /* Main.storyboard */,
				711C671C1B94958500219806 /* another.storyboard */,
				710DB3921B81DFF6003E74FA /* Assets.xcassets */,
				710DB3941B81DFF6003E74FA /* LaunchScreen.storyboard */,
				71FB01CA1B934AB100575D5C /* football.plist */,
				710DB3971B81DFF6003E74FA /* Info.plist */,
				712816461B91D49600539691 /* swift-objc-bridging-header.h */,
			);
			path = Kuaijizhang;
			sourceTree = "<group>";
		};
		710DB39F1B81DFF6003E74FA /* KuaijizhangTests */ = {
			isa = PBXGroup;
			children = (
				710DB3A01B81DFF6003E74FA /* KuaijizhangTests.swift */,
				710DB3A21B81DFF6003E74FA /* Info.plist */,
			);
			path = KuaijizhangTests;
			sourceTree = "<group>";
		};
		710DB3AA1B81DFF6003E74FA /* KuaijizhangUITests */ = {
			isa = PBXGroup;
			children = (
				710DB3AB1B81DFF6003E74FA /* KuaijizhangUITests.swift */,
				710DB3AD1B81DFF6003E74FA /* Info.plist */,
			);
			path = KuaijizhangUITests;
			sourceTree = "<group>";
		};
		71326C881BCEAB1500E84E54 /* Products */ = {
			isa = PBXGroup;
			children = (
				71326C8D1BCEAB1500E84E54 /* FDStackViewDemo.app */,
				71326C8F1BCEAB1500E84E54 /* libFDStackViewPatch.a */,
			);
			name = Products;
			sourceTree = "<group>";
		};
		715A535E1B89AE7D009E7DF2 /* controller */ = {
			isa = PBXGroup;
			children = (
				7196DB171B8339510029A2A3 /* BillStreamViewController.swift */,
			);
			name = controller;
			sourceTree = "<group>";
		};
		715A535F1B89AE8D009E7DF2 /* controller */ = {
			isa = PBXGroup;
			children = (
				7196DB191B8339660029A2A3 /* StatementViewController.swift */,
			);
			name = controller;
			sourceTree = "<group>";
		};
		715A53601B89AE93009E7DF2 /* controller */ = {
			isa = PBXGroup;
			children = (
				7196DB1B1B8339800029A2A3 /* MoreViewController.swift */,
			);
			name = controller;
			sourceTree = "<group>";
		};
		715A53611B89AEF8009E7DF2 /* controller */ = {
			isa = PBXGroup;
			children = (
				714019051B8327AC00C97048 /* AccountBookViewController.swift */,
			);
			name = controller;
			sourceTree = "<group>";
		};
		715A53621B89AF06009E7DF2 /* conmmon */ = {
			isa = PBXGroup;
			children = (
				7179DA701B85E67800A4D880 /* ColorBox.swift */,
			);
			name = conmmon;
			sourceTree = "<group>";
		};
		715A53631B89AF32009E7DF2 /* animation */ = {
			isa = PBXGroup;
			children = (
				7196DB1D1B8384860029A2A3 /* PushSegue.swift */,
			);
			name = animation;
			sourceTree = "<group>";
		};
		7179DA601B857B8000A4D880 /* portal */ = {
			isa = PBXGroup;
			children = (
				7179DA611B857B9B00A4D880 /* controller */,
				7179DA621B857BAB00A4D880 /* view */,
				7179DA631B857BC600A4D880 /* model */,
			);
			name = portal;
			sourceTree = "<group>";
		};
		7179DA611B857B9B00A4D880 /* controller */ = {
			isa = PBXGroup;
			children = (
				710DB38D1B81DFF6003E74FA /* ViewController.swift */,
				710DB3BB1B8247CB003E74FA /* AddBillViewController.swift */,
				712816471B92DE8200539691 /* NumberPadViewController.swift */,
				71FB01C81B934A4C00575D5C /* PickerViewController.swift */,
				711176841B93526300170668 /* DateViewController.swift */,
				711C67151B94894800219806 /* LabelTableViewController.swift */,
				711C67171B94896F00219806 /* AddLabelViewController.swift */,
				7130EB811B95E5C000A57A5F /* AddBillComponentsPageViewController.swift */,
				71AC48441BD21D050008B4F8 /* PreviewViewController.swift */,
			);
			name = controller;
			sourceTree = "<group>";
		};
		7179DA621B857BAB00A4D880 /* view */ = {
			isa = PBXGroup;
			children = (
				7179DA6E1B85D05E00A4D880 /* ColumnChart.swift */,
				7179DA5A1B84E7E800A4D880 /* InfoPanelOfPortalView.swift */,
				715DD0DE1B8F5B430004ECAB /* CameraUIButton.swift */,
			);
			name = view;
			sourceTree = "<group>";
		};
		7179DA631B857BC600A4D880 /* model */ = {
			isa = PBXGroup;
			children = (
			);
			name = model;
			sourceTree = "<group>";
		};
		7179DA641B857BEF00A4D880 /* account book */ = {
			isa = PBXGroup;
			children = (
				715A53611B89AEF8009E7DF2 /* controller */,
			);
			name = "account book";
			sourceTree = "<group>";
		};
		7179DA651B857BFC00A4D880 /* bill stream */ = {
			isa = PBXGroup;
			children = (
				715A535E1B89AE7D009E7DF2 /* controller */,
			);
			name = "bill stream";
			sourceTree = "<group>";
		};
		7179DA661B857C0300A4D880 /* statement */ = {
			isa = PBXGroup;
			children = (
				715A535F1B89AE8D009E7DF2 /* controller */,
			);
			name = statement;
			sourceTree = "<group>";
		};
		7179DA671B857C0C00A4D880 /* more */ = {
			isa = PBXGroup;
			children = (
				715A53601B89AE93009E7DF2 /* controller */,
			);
			name = more;
			sourceTree = "<group>";
		};
		71AC48481BD243070008B4F8 /* extension */ = {
			isa = PBXGroup;
			children = (
				71AC48461BD242FB0008B4F8 /* Extension.swift */,
			);
			name = extension;
			sourceTree = "<group>";
		};
		B8EA83A42DE02B9F281AB1A4 /* Frameworks */ = {
			isa = PBXGroup;
			children = (
				71326C871BCEAB1500E84E54 /* FDStackViewDemo.xcodeproj */,
				90C5E098CEB512BE7A2D8640 /* Pods.framework */,
			);
			name = Frameworks;
			sourceTree = "<group>";
		};
/* End PBXGroup section */

/* Begin PBXNativeTarget section */
		710DB3871B81DFF6003E74FA /* Kuaijizhang */ = {
			isa = PBXNativeTarget;
			buildConfigurationList = 710DB3B01B81DFF6003E74FA /* Build configuration list for PBXNativeTarget "Kuaijizhang" */;
			buildPhases = (
				F4F96406D8200A576A4C7D13 /* Check Pods Manifest.lock */,
				710DB3841B81DFF6003E74FA /* Sources */,
				710DB3851B81DFF6003E74FA /* Frameworks */,
				710DB3861B81DFF6003E74FA /* Resources */,
				E8AEFC8DD38E9F010F7085F5 /* Embed Pods Frameworks */,
				141840DC2645FFD82E0715C6 /* Copy Pods Resources */,
			);
			buildRules = (
			);
			dependencies = (
			);
			name = Kuaijizhang;
			productName = Kuaijizhang;
			productReference = 710DB3881B81DFF6003E74FA /* Kuaijizhang.app */;
			productType = "com.apple.product-type.application";
		};
		710DB39B1B81DFF6003E74FA /* KuaijizhangTests */ = {
			isa = PBXNativeTarget;
			buildConfigurationList = 710DB3B31B81DFF6003E74FA /* Build configuration list for PBXNativeTarget "KuaijizhangTests" */;
			buildPhases = (
				710DB3981B81DFF6003E74FA /* Sources */,
				710DB3991B81DFF6003E74FA /* Frameworks */,
				710DB39A1B81DFF6003E74FA /* Resources */,
			);
			buildRules = (
			);
			dependencies = (
				710DB39E1B81DFF6003E74FA /* PBXTargetDependency */,
			);
			name = KuaijizhangTests;
			productName = KuaijizhangTests;
			productReference = 710DB39C1B81DFF6003E74FA /* KuaijizhangTests.xctest */;
			productType = "com.apple.product-type.bundle.unit-test";
		};
		710DB3A61B81DFF6003E74FA /* KuaijizhangUITests */ = {
			isa = PBXNativeTarget;
			buildConfigurationList = 710DB3B61B81DFF6003E74FA /* Build configuration list for PBXNativeTarget "KuaijizhangUITests" */;
			buildPhases = (
				710DB3A31B81DFF6003E74FA /* Sources */,
				710DB3A41B81DFF6003E74FA /* Frameworks */,
				710DB3A51B81DFF6003E74FA /* Resources */,
			);
			buildRules = (
			);
			dependencies = (
				710DB3A91B81DFF6003E74FA /* PBXTargetDependency */,
			);
			name = KuaijizhangUITests;
			productName = KuaijizhangUITests;
			productReference = 710DB3A71B81DFF6003E74FA /* KuaijizhangUITests.xctest */;
			productType = "com.apple.product-type.bundle.ui-testing";
		};
/* End PBXNativeTarget section */

/* Begin PBXProject section */
		710DB3801B81DFF6003E74FA /* Project object */ = {
			isa = PBXProject;
			attributes = {
				LastSwiftMigration = 0710;
				LastSwiftUpdateCheck = 0710;
				LastUpgradeCheck = 0700;
				ORGANIZATIONNAME = "范伟";
				TargetAttributes = {
					710DB3871B81DFF6003E74FA = {
						CreatedOnToolsVersion = 7.0;
						DevelopmentTeam = TS7743SCU4;
					};
					710DB39B1B81DFF6003E74FA = {
						CreatedOnToolsVersion = 7.0;
						DevelopmentTeam = TS7743SCU4;
						TestTargetID = 710DB3871B81DFF6003E74FA;
					};
					710DB3A61B81DFF6003E74FA = {
						CreatedOnToolsVersion = 7.0;
						DevelopmentTeam = TS7743SCU4;
						TestTargetID = 710DB3871B81DFF6003E74FA;
					};
				};
			};
			buildConfigurationList = 710DB3831B81DFF6003E74FA /* Build configuration list for PBXProject "Kuaijizhang" */;
			compatibilityVersion = "Xcode 3.2";
			developmentRegion = English;
			hasScannedForEncodings = 0;
			knownRegions = (
				en,
				Base,
			);
			mainGroup = 710DB37F1B81DFF6003E74FA;
			productRefGroup = 710DB3891B81DFF6003E74FA /* Products */;
			projectDirPath = "";
			projectReferences = (
				{
					ProductGroup = 71326C881BCEAB1500E84E54 /* Products */;
					ProjectRef = 71326C871BCEAB1500E84E54 /* FDStackViewDemo.xcodeproj */;
				},
			);
			projectRoot = "";
			targets = (
				710DB3871B81DFF6003E74FA /* Kuaijizhang */,
				710DB39B1B81DFF6003E74FA /* KuaijizhangTests */,
				710DB3A61B81DFF6003E74FA /* KuaijizhangUITests */,
			);
		};
/* End PBXProject section */

/* Begin PBXReferenceProxy section */
		71326C8D1BCEAB1500E84E54 /* FDStackViewDemo.app */ = {
			isa = PBXReferenceProxy;
			fileType = wrapper.application;
			path = FDStackViewDemo.app;
			remoteRef = 71326C8C1BCEAB1500E84E54 /* PBXContainerItemProxy */;
			sourceTree = BUILT_PRODUCTS_DIR;
		};
		71326C8F1BCEAB1500E84E54 /* libFDStackViewPatch.a */ = {
			isa = PBXReferenceProxy;
			fileType = archive.ar;
			path = libFDStackViewPatch.a;
			remoteRef = 71326C8E1BCEAB1500E84E54 /* PBXContainerItemProxy */;
			sourceTree = BUILT_PRODUCTS_DIR;
		};
/* End PBXReferenceProxy section */

/* Begin PBXResourcesBuildPhase section */
		710DB3861B81DFF6003E74FA /* Resources */ = {
			isa = PBXResourcesBuildPhase;
			buildActionMask = 2147483647;
			files = (
				710DB3961B81DFF6003E74FA /* LaunchScreen.storyboard in Resources */,
				710DB3931B81DFF6003E74FA /* Assets.xcassets in Resources */,
				710DB3911B81DFF6003E74FA /* Main.storyboard in Resources */,
				71FB01CB1B934AB100575D5C /* football.plist in Resources */,
				711C671D1B94958500219806 /* another.storyboard in Resources */,
			);
			runOnlyForDeploymentPostprocessing = 0;
		};
		710DB39A1B81DFF6003E74FA /* Resources */ = {
			isa = PBXResourcesBuildPhase;
			buildActionMask = 2147483647;
			files = (
			);
			runOnlyForDeploymentPostprocessing = 0;
		};
		710DB3A51B81DFF6003E74FA /* Resources */ = {
			isa = PBXResourcesBuildPhase;
			buildActionMask = 2147483647;
			files = (
			);
			runOnlyForDeploymentPostprocessing = 0;
		};
/* End PBXResourcesBuildPhase section */

/* Begin PBXShellScriptBuildPhase section */
		141840DC2645FFD82E0715C6 /* Copy Pods Resources */ = {
			isa = PBXShellScriptBuildPhase;
			buildActionMask = 2147483647;
			files = (
			);
			inputPaths = (
			);
			name = "Copy Pods Resources";
			outputPaths = (
			);
			runOnlyForDeploymentPostprocessing = 0;
			shellPath = /bin/sh;
			shellScript = "\"${SRCROOT}/Pods/Target Support Files/Pods/Pods-resources.sh\"\n";
			showEnvVarsInLog = 0;
		};
		E8AEFC8DD38E9F010F7085F5 /* Embed Pods Frameworks */ = {
			isa = PBXShellScriptBuildPhase;
			buildActionMask = 2147483647;
			files = (
			);
			inputPaths = (
			);
			name = "Embed Pods Frameworks";
			outputPaths = (
			);
			runOnlyForDeploymentPostprocessing = 0;
			shellPath = /bin/sh;
			shellScript = "\"${SRCROOT}/Pods/Target Support Files/Pods/Pods-frameworks.sh\"\n";
			showEnvVarsInLog = 0;
		};
		F4F96406D8200A576A4C7D13 /* Check Pods Manifest.lock */ = {
			isa = PBXShellScriptBuildPhase;
			buildActionMask = 2147483647;
			files = (
			);
			inputPaths = (
			);
			name = "Check Pods Manifest.lock";
			outputPaths = (
			);
			runOnlyForDeploymentPostprocessing = 0;
			shellPath = /bin/sh;
			shellScript = "diff \"${PODS_ROOT}/../Podfile.lock\" \"${PODS_ROOT}/Manifest.lock\" > /dev/null\nif [[ $? != 0 ]] ; then\n    cat << EOM\nerror: The sandbox is not in sync with the Podfile.lock. Run 'pod install' or update your CocoaPods installation.\nEOM\n    exit 1\nfi\n";
			showEnvVarsInLog = 0;
		};
/* End PBXShellScriptBuildPhase section */

/* Begin PBXSourcesBuildPhase section */
		710DB3841B81DFF6003E74FA /* Sources */ = {
			isa = PBXSourcesBuildPhase;
			buildActionMask = 2147483647;
			files = (
				711C67161B94894800219806 /* LabelTableViewController.swift in Sources */,
				715DD0DF1B8F5B430004ECAB /* CameraUIButton.swift in Sources */,
				7179DA711B85E67800A4D880 /* ColorBox.swift in Sources */,
				7179DA5B1B84E7E800A4D880 /* InfoPanelOfPortalView.swift in Sources */,
				7196DB1C1B8339800029A2A3 /* MoreViewController.swift in Sources */,
				7179DA6F1B85D05E00A4D880 /* ColumnChart.swift in Sources */,
				7196DB1A1B8339660029A2A3 /* StatementViewController.swift in Sources */,
				710DB38E1B81DFF6003E74FA /* ViewController.swift in Sources */,
				7196DB1E1B8384860029A2A3 /* PushSegue.swift in Sources */,
				7196DB181B8339510029A2A3 /* BillStreamViewController.swift in Sources */,
				71AC48451BD21D050008B4F8 /* PreviewViewController.swift in Sources */,
				712816481B92DE8200539691 /* NumberPadViewController.swift in Sources */,
				711176851B93526300170668 /* DateViewController.swift in Sources */,
				714019061B8327AC00C97048 /* AccountBookViewController.swift in Sources */,
				710DB38C1B81DFF6003E74FA /* AppDelegate.swift in Sources */,
				71AC48471BD242FB0008B4F8 /* Extension.swift in Sources */,
				7130EB821B95E5C000A57A5F /* AddBillComponentsPageViewController.swift in Sources */,
				71FB01C91B934A4C00575D5C /* PickerViewController.swift in Sources */,
				711C67181B94896F00219806 /* AddLabelViewController.swift in Sources */,
				710DB3BC1B8247CB003E74FA /* AddBillViewController.swift in Sources */,
			);
			runOnlyForDeploymentPostprocessing = 0;
		};
		710DB3981B81DFF6003E74FA /* Sources */ = {
			isa = PBXSourcesBuildPhase;
			buildActionMask = 2147483647;
			files = (
				710DB3A11B81DFF6003E74FA /* KuaijizhangTests.swift in Sources */,
			);
			runOnlyForDeploymentPostprocessing = 0;
		};
		710DB3A31B81DFF6003E74FA /* Sources */ = {
			isa = PBXSourcesBuildPhase;
			buildActionMask = 2147483647;
			files = (
				710DB3AC1B81DFF6003E74FA /* KuaijizhangUITests.swift in Sources */,
			);
			runOnlyForDeploymentPostprocessing = 0;
		};
/* End PBXSourcesBuildPhase section */

/* Begin PBXTargetDependency section */
		710DB39E1B81DFF6003E74FA /* PBXTargetDependency */ = {
			isa = PBXTargetDependency;
			target = 710DB3871B81DFF6003E74FA /* Kuaijizhang */;
			targetProxy = 710DB39D1B81DFF6003E74FA /* PBXContainerItemProxy */;
		};
		710DB3A91B81DFF6003E74FA /* PBXTargetDependency */ = {
			isa = PBXTargetDependency;
			target = 710DB3871B81DFF6003E74FA /* Kuaijizhang */;
			targetProxy = 710DB3A81B81DFF6003E74FA /* PBXContainerItemProxy */;
		};
/* End PBXTargetDependency section */

/* Begin PBXVariantGroup section */
		710DB38F1B81DFF6003E74FA /* Main.storyboard */ = {
			isa = PBXVariantGroup;
			children = (
				710DB3901B81DFF6003E74FA /* Base */,
			);
			name = Main.storyboard;
			sourceTree = "<group>";
		};
		710DB3941B81DFF6003E74FA /* LaunchScreen.storyboard */ = {
			isa = PBXVariantGroup;
			children = (
				710DB3951B81DFF6003E74FA /* Base */,
			);
			name = LaunchScreen.storyboard;
			sourceTree = "<group>";
		};
/* End PBXVariantGroup section */

/* Begin XCBuildConfiguration section */
		710DB3AE1B81DFF6003E74FA /* Debug */ = {
			isa = XCBuildConfiguration;
			buildSettings = {
				ALWAYS_SEARCH_USER_PATHS = NO;
				CLANG_CXX_LANGUAGE_STANDARD = "gnu++0x";
				CLANG_CXX_LIBRARY = "libc++";
				CLANG_ENABLE_MODULES = YES;
				CLANG_ENABLE_OBJC_ARC = YES;
				CLANG_WARN_BOOL_CONVERSION = YES;
				CLANG_WARN_CONSTANT_CONVERSION = YES;
				CLANG_WARN_DIRECT_OBJC_ISA_USAGE = YES_ERROR;
				CLANG_WARN_EMPTY_BODY = YES;
				CLANG_WARN_ENUM_CONVERSION = YES;
				CLANG_WARN_INT_CONVERSION = YES;
				CLANG_WARN_OBJC_ROOT_CLASS = YES_ERROR;
				CLANG_WARN_UNREACHABLE_CODE = YES;
				CLANG_WARN__DUPLICATE_METHOD_MATCH = YES;
				"CODE_SIGN_IDENTITY[sdk=iphoneos*]" = "iPhone Developer";
				COPY_PHASE_STRIP = NO;
				DEBUG_INFORMATION_FORMAT = dwarf;
				ENABLE_STRICT_OBJC_MSGSEND = YES;
				ENABLE_TESTABILITY = YES;
				GCC_C_LANGUAGE_STANDARD = gnu99;
				GCC_DYNAMIC_NO_PIC = NO;
				GCC_NO_COMMON_BLOCKS = YES;
				GCC_OPTIMIZATION_LEVEL = 0;
				GCC_PREPROCESSOR_DEFINITIONS = (
					"DEBUG=1",
					"$(inherited)",
				);
				GCC_WARN_64_TO_32_BIT_CONVERSION = YES;
				GCC_WARN_ABOUT_RETURN_TYPE = YES_ERROR;
				GCC_WARN_UNDECLARED_SELECTOR = YES;
				GCC_WARN_UNINITIALIZED_AUTOS = YES_AGGRESSIVE;
				GCC_WARN_UNUSED_FUNCTION = YES;
				GCC_WARN_UNUSED_VARIABLE = YES;
				IPHONEOS_DEPLOYMENT_TARGET = 9.0;
				MTL_ENABLE_DEBUG_INFO = YES;
				ONLY_ACTIVE_ARCH = YES;
				SDKROOT = iphoneos;
				SWIFT_OPTIMIZATION_LEVEL = "-Onone";
				TARGETED_DEVICE_FAMILY = "1,2";
			};
			name = Debug;
		};
		710DB3AF1B81DFF6003E74FA /* Release */ = {
			isa = XCBuildConfiguration;
			buildSettings = {
				ALWAYS_SEARCH_USER_PATHS = NO;
				CLANG_CXX_LANGUAGE_STANDARD = "gnu++0x";
				CLANG_CXX_LIBRARY = "libc++";
				CLANG_ENABLE_MODULES = YES;
				CLANG_ENABLE_OBJC_ARC = YES;
				CLANG_WARN_BOOL_CONVERSION = YES;
				CLANG_WARN_CONSTANT_CONVERSION = YES;
				CLANG_WARN_DIRECT_OBJC_ISA_USAGE = YES_ERROR;
				CLANG_WARN_EMPTY_BODY = YES;
				CLANG_WARN_ENUM_CONVERSION = YES;
				CLANG_WARN_INT_CONVERSION = YES;
				CLANG_WARN_OBJC_ROOT_CLASS = YES_ERROR;
				CLANG_WARN_UNREACHABLE_CODE = YES;
				CLANG_WARN__DUPLICATE_METHOD_MATCH = YES;
				"CODE_SIGN_IDENTITY[sdk=iphoneos*]" = "iPhone Developer";
				COPY_PHASE_STRIP = NO;
				DEBUG_INFORMATION_FORMAT = "dwarf-with-dsym";
				ENABLE_NS_ASSERTIONS = NO;
				ENABLE_STRICT_OBJC_MSGSEND = YES;
				GCC_C_LANGUAGE_STANDARD = gnu99;
				GCC_NO_COMMON_BLOCKS = YES;
				GCC_WARN_64_TO_32_BIT_CONVERSION = YES;
				GCC_WARN_ABOUT_RETURN_TYPE = YES_ERROR;
				GCC_WARN_UNDECLARED_SELECTOR = YES;
				GCC_WARN_UNINITIALIZED_AUTOS = YES_AGGRESSIVE;
				GCC_WARN_UNUSED_FUNCTION = YES;
				GCC_WARN_UNUSED_VARIABLE = YES;
				IPHONEOS_DEPLOYMENT_TARGET = 9.0;
				MTL_ENABLE_DEBUG_INFO = NO;
				SDKROOT = iphoneos;
				TARGETED_DEVICE_FAMILY = "1,2";
				VALIDATE_PRODUCT = YES;
			};
			name = Release;
		};
		710DB3B11B81DFF6003E74FA /* Debug */ = {
			isa = XCBuildConfiguration;
			baseConfigurationReference = 2F694ECA293A1AC5422BD727 /* Pods.debug.xcconfig */;
			buildSettings = {
				ASSETCATALOG_COMPILER_APPICON_NAME = AppIcon;
				INFOPLIST_FILE = Kuaijizhang/Info.plist;
				IPHONEOS_DEPLOYMENT_TARGET = 8.0;
				LD_RUNPATH_SEARCH_PATHS = "$(inherited) @executable_path/Frameworks";
				PRODUCT_BUNDLE_IDENTIFIER = com.vancysheva.Kuaijizhang;
				PRODUCT_NAME = "$(TARGET_NAME)";
				SWIFT_OBJC_BRIDGING_HEADER = "/Users/vancysheva/PROJECT/Kuaijizhang/Kuaijizhang/swift-objc-bridging-header.h";
				TARGETED_DEVICE_FAMILY = "1,2";
			};
			name = Debug;
		};
		710DB3B21B81DFF6003E74FA /* Release */ = {
			isa = XCBuildConfiguration;
			baseConfigurationReference = 3D7F154DE9342BFDBA62A406 /* Pods.release.xcconfig */;
			buildSettings = {
				ASSETCATALOG_COMPILER_APPICON_NAME = AppIcon;
				INFOPLIST_FILE = Kuaijizhang/Info.plist;
				IPHONEOS_DEPLOYMENT_TARGET = 8.0;
				LD_RUNPATH_SEARCH_PATHS = "$(inherited) @executable_path/Frameworks";
				PRODUCT_BUNDLE_IDENTIFIER = com.vancysheva.Kuaijizhang;
				PRODUCT_NAME = "$(TARGET_NAME)";
				SWIFT_OBJC_BRIDGING_HEADER = "/Users/vancysheva/PROJECT/Kuaijizhang/Kuaijizhang/swift-objc-bridging-header.h";
				TARGETED_DEVICE_FAMILY = "1,2";
			};
			name = Release;
		};
		710DB3B41B81DFF6003E74FA /* Debug */ = {
			isa = XCBuildConfiguration;
			buildSettings = {
				BUNDLE_LOADER = "$(TEST_HOST)";
				INFOPLIST_FILE = KuaijizhangTests/Info.plist;
				LD_RUNPATH_SEARCH_PATHS = "$(inherited) @executable_path/Frameworks @loader_path/Frameworks";
				PRODUCT_BUNDLE_IDENTIFIER = com.vancysheva.KuaijizhangTests;
				PRODUCT_NAME = "$(TARGET_NAME)";
				TEST_HOST = "$(BUILT_PRODUCTS_DIR)/Kuaijizhang.app/Kuaijizhang";
			};
			name = Debug;
		};
		710DB3B51B81DFF6003E74FA /* Release */ = {
			isa = XCBuildConfiguration;
			buildSettings = {
				BUNDLE_LOADER = "$(TEST_HOST)";
				INFOPLIST_FILE = KuaijizhangTests/Info.plist;
				LD_RUNPATH_SEARCH_PATHS = "$(inherited) @executable_path/Frameworks @loader_path/Frameworks";
				PRODUCT_BUNDLE_IDENTIFIER = com.vancysheva.KuaijizhangTests;
				PRODUCT_NAME = "$(TARGET_NAME)";
				TEST_HOST = "$(BUILT_PRODUCTS_DIR)/Kuaijizhang.app/Kuaijizhang";
			};
			name = Release;
		};
		710DB3B71B81DFF6003E74FA /* Debug */ = {
			isa = XCBuildConfiguration;
			buildSettings = {
				INFOPLIST_FILE = KuaijizhangUITests/Info.plist;
				LD_RUNPATH_SEARCH_PATHS = "$(inherited) @executable_path/Frameworks @loader_path/Frameworks";
				PRODUCT_BUNDLE_IDENTIFIER = com.vancysheva.KuaijizhangUITests;
				PRODUCT_NAME = "$(TARGET_NAME)";
				TEST_TARGET_NAME = Kuaijizhang;
				USES_XCTRUNNER = YES;
			};
			name = Debug;
		};
		710DB3B81B81DFF6003E74FA /* Release */ = {
			isa = XCBuildConfiguration;
			buildSettings = {
				INFOPLIST_FILE = KuaijizhangUITests/Info.plist;
				LD_RUNPATH_SEARCH_PATHS = "$(inherited) @executable_path/Frameworks @loader_path/Frameworks";
				PRODUCT_BUNDLE_IDENTIFIER = com.vancysheva.KuaijizhangUITests;
				PRODUCT_NAME = "$(TARGET_NAME)";
				TEST_TARGET_NAME = Kuaijizhang;
				USES_XCTRUNNER = YES;
			};
			name = Release;
		};
/* End XCBuildConfiguration section */

/* Begin XCConfigurationList section */
		710DB3831B81DFF6003E74FA /* Build configuration list for PBXProject "Kuaijizhang" */ = {
			isa = XCConfigurationList;
			buildConfigurations = (
				710DB3AE1B81DFF6003E74FA /* Debug */,
				710DB3AF1B81DFF6003E74FA /* Release */,
			);
			defaultConfigurationIsVisible = 0;
			defaultConfigurationName = Release;
		};
		710DB3B01B81DFF6003E74FA /* Build configuration list for PBXNativeTarget "Kuaijizhang" */ = {
			isa = XCConfigurationList;
			buildConfigurations = (
				710DB3B11B81DFF6003E74FA /* Debug */,
				710DB3B21B81DFF6003E74FA /* Release */,
			);
			defaultConfigurationIsVisible = 0;
			defaultConfigurationName = Release;
		};
		710DB3B31B81DFF6003E74FA /* Build configuration list for PBXNativeTarget "KuaijizhangTests" */ = {
			isa = XCConfigurationList;
			buildConfigurations = (
				710DB3B41B81DFF6003E74FA /* Debug */,
				710DB3B51B81DFF6003E74FA /* Release */,
			);
			defaultConfigurationIsVisible = 0;
			defaultConfigurationName = Release;
		};
		710DB3B61B81DFF6003E74FA /* Build configuration list for PBXNativeTarget "KuaijizhangUITests" */ = {
			isa = XCConfigurationList;
			buildConfigurations = (
				710DB3B71B81DFF6003E74FA /* Debug */,
				710DB3B81B81DFF6003E74FA /* Release */,
			);
			defaultConfigurationIsVisible = 0;
			defaultConfigurationName = Release;
		};
/* End XCConfigurationList section */
	};
	rootObject = 710DB3801B81DFF6003E74FA /* Project object */;
}
