// !$*UTF8*$!
{
	archiveVersion = 1;
	classes = {
	};
	objectVersion = 46;
	objects = {

/* Begin PBXBuildFile section */
		5F0FF4807D3E5507AB92CDCB /* Pods.framework in Frameworks */ = {isa = PBXBuildFile; fileRef = 90C5E098CEB512BE7A2D8640 /* Pods.framework */; };
		710DB38C1B81DFF6003E74FA /* AppDelegate.swift in Sources */ = {isa = PBXBuildFile; fileRef = 710DB38B1B81DFF6003E74FA /* AppDelegate.swift */; };
		710DB38E1B81DFF6003E74FA /* ViewController.swift in Sources */ = {isa = PBXBuildFile; fileRef = 710DB38D1B81DFF6003E74FA /* ViewController.swift */; };
		710DB3911B81DFF6003E74FA /* Main.storyboard in Resources */ = {isa = PBXBuildFile; fileRef = 710DB38F1B81DFF6003E74FA /* Main.storyboard */; };
		710DB3931B81DFF6003E74FA /* Assets.xcassets in Resources */ = {isa = PBXBuildFile; fileRef = 710DB3921B81DFF6003E74FA /* Assets.xcassets */; };
		710DB3961B81DFF6003E74FA /* LaunchScreen.storyboard in Resources */ = {isa = PBXBuildFile; fileRef = 710DB3941B81DFF6003E74FA /* LaunchScreen.storyboard */; };
		710DB3AC1B81DFF6003E74FA /* KuaijizhangUITests.swift in Sources */ = {isa = PBXBuildFile; fileRef = 710DB3AB1B81DFF6003E74FA /* KuaijizhangUITests.swift */; };
		710DB3BC1B8247CB003E74FA /* AddBillViewController.swift in Sources */ = {isa = PBXBuildFile; fileRef = 710DB3BB1B8247CB003E74FA /* AddBillViewController.swift */; };
		710F4C271C0C5178002B704D /* RealmModelTest.swift in Sources */ = {isa = PBXBuildFile; fileRef = 71FDB8711C0AD93B00FEB1B6 /* RealmModelTest.swift */; };
		710F4C281C0C5178002B704D /* TestCaseBase.swift in Sources */ = {isa = PBXBuildFile; fileRef = 71C44DF91C0AD8780002F627 /* TestCaseBase.swift */; };
		710F4C291C0C5178002B704D /* DateHelperTest.swift in Sources */ = {isa = PBXBuildFile; fileRef = 71FB74311BF8A8BB006205E4 /* DateHelperTest.swift */; };
		710F4C2B1C0C5208002B704D /* TestModel.swift in Sources */ = {isa = PBXBuildFile; fileRef = 710F4C2A1C0C5208002B704D /* TestModel.swift */; };
		710F4C2E1C0DF408002B704D /* SubjectTableViewController.swift in Sources */ = {isa = PBXBuildFile; fileRef = 710F4C2D1C0DF408002B704D /* SubjectTableViewController.swift */; };
		711176851B93526300170668 /* DateViewController.swift in Sources */ = {isa = PBXBuildFile; fileRef = 711176841B93526300170668 /* DateViewController.swift */; };
		711C67161B94894800219806 /* LabelTableViewController.swift in Sources */ = {isa = PBXBuildFile; fileRef = 711C67151B94894800219806 /* LabelTableViewController.swift */; };
		711C67181B94896F00219806 /* AddLabelViewController.swift in Sources */ = {isa = PBXBuildFile; fileRef = 711C67171B94896F00219806 /* AddLabelViewController.swift */; };
		712816481B92DE8200539691 /* NumberPadViewController.swift in Sources */ = {isa = PBXBuildFile; fileRef = 712816471B92DE8200539691 /* NumberPadViewController.swift */; };
		712C5ACD1C0A141900288CE6 /* AccountHeader.xib in Resources */ = {isa = PBXBuildFile; fileRef = 712C5ACC1C0A141900288CE6 /* AccountHeader.xib */; };
		712DABBF1C1DD868006A9871 /* AddChildConsumeTypeViewController.swift in Sources */ = {isa = PBXBuildFile; fileRef = 712DABBE1C1DD868006A9871 /* AddChildConsumeTypeViewController.swift */; };
		712DABC11C1F0874006A9871 /* ConsumeptionTypeIconCollectionAgent.swift in Sources */ = {isa = PBXBuildFile; fileRef = 712DABC01C1F0874006A9871 /* ConsumeptionTypeIconCollectionAgent.swift */; };
		71341E481BDA05C1004C0CAB /* BillStreamHeaderView.xib in Resources */ = {isa = PBXBuildFile; fileRef = 71341E471BDA05C1004C0CAB /* BillStreamHeaderView.xib */; };
		71341E4A1BDA1662004C0CAB /* BillStreamHeaderView.swift in Sources */ = {isa = PBXBuildFile; fileRef = 71341E491BDA1662004C0CAB /* BillStreamHeaderView.swift */; };
		71341E4D1BDA1B6B004C0CAB /* BillStreamViewCell.swift in Sources */ = {isa = PBXBuildFile; fileRef = 71341E4C1BDA1B6B004C0CAB /* BillStreamViewCell.swift */; };
		71341E511BDA2F0B004C0CAB /* BillStreamTableViewController.swift in Sources */ = {isa = PBXBuildFile; fileRef = 71341E501BDA2F0B004C0CAB /* BillStreamTableViewController.swift */; };
		7134ACEC1C036CEF00865261 /* ConsumeptionTypeViewModel.swift in Sources */ = {isa = PBXBuildFile; fileRef = 7134ACEB1C036CEF00865261 /* ConsumeptionTypeViewModel.swift */; };
		7134ACEE1C036DA300865261 /* ConsumeptionTypeModel.swift in Sources */ = {isa = PBXBuildFile; fileRef = 7134ACED1C036DA300865261 /* ConsumeptionTypeModel.swift */; };
		7134ACF01C04AD7D00865261 /* AccountPickerViewController.swift in Sources */ = {isa = PBXBuildFile; fileRef = 7134ACEF1C04AD7D00865261 /* AccountPickerViewController.swift */; };
		7134ACF21C04ADF700865261 /* AccountViewModel.swift in Sources */ = {isa = PBXBuildFile; fileRef = 7134ACF11C04ADF700865261 /* AccountViewModel.swift */; };
		7134ACF41C04AE0500865261 /* AccountModel.swift in Sources */ = {isa = PBXBuildFile; fileRef = 7134ACF31C04AE0500865261 /* AccountModel.swift */; };
		7134ACF61C04BF0600865261 /* AccountTableViewController.swift in Sources */ = {isa = PBXBuildFile; fileRef = 7134ACF51C04BF0600865261 /* AccountTableViewController.swift */; };
		7134ACFB1C06004700865261 /* AccountHeaderView.swift in Sources */ = {isa = PBXBuildFile; fileRef = 7134ACFA1C06004700865261 /* AccountHeaderView.swift */; };
		7134ACFD1C07388A00865261 /* AccountTypeTableViewController.swift in Sources */ = {isa = PBXBuildFile; fileRef = 7134ACFC1C07388A00865261 /* AccountTypeTableViewController.swift */; };
		7134ACFF1C073A4A00865261 /* AddAccountTableViewController.swift in Sources */ = {isa = PBXBuildFile; fileRef = 7134ACFE1C073A4A00865261 /* AddAccountTableViewController.swift */; };
		714019061B8327AC00C97048 /* AccountBookViewController.swift in Sources */ = {isa = PBXBuildFile; fileRef = 714019051B8327AC00C97048 /* AccountBookViewController.swift */; };
		714935261BE34FF2006B6F12 /* CatlogManagePageViewController.swift in Sources */ = {isa = PBXBuildFile; fileRef = 714935251BE34FF2006B6F12 /* CatlogManagePageViewController.swift */; };
		714EC9A11BF76679005C227C /* DateHelper.swift in Sources */ = {isa = PBXBuildFile; fileRef = 714EC9A01BF76679005C227C /* DateHelper.swift */; };
		714EC9A31BF771EA005C227C /* PortalModel.swift in Sources */ = {isa = PBXBuildFile; fileRef = 714EC9A21BF771EA005C227C /* PortalModel.swift */; };
		715A0B6D1BEF29480069C012 /* User.swift in Sources */ = {isa = PBXBuildFile; fileRef = 715A0B6C1BEF29480069C012 /* User.swift */; };
		715A0B6F1BF0ECDE0069C012 /* System.swift in Sources */ = {isa = PBXBuildFile; fileRef = 715A0B6E1BF0ECDE0069C012 /* System.swift */; };
		715B107C1BD7784A0037BD21 /* AccountBookViewModel.swift in Sources */ = {isa = PBXBuildFile; fileRef = 715B107B1BD7784A0037BD21 /* AccountBookViewModel.swift */; };
		715B10821BD779CA0037BD21 /* Statisticable.swift in Sources */ = {isa = PBXBuildFile; fileRef = 715B10811BD779CA0037BD21 /* Statisticable.swift */; };
		715B10841BD783620037BD21 /* AccountBook.swift in Sources */ = {isa = PBXBuildFile; fileRef = 715B10831BD783620037BD21 /* AccountBook.swift */; };
		715B10861BD7854E0037BD21 /* Bill.swift in Sources */ = {isa = PBXBuildFile; fileRef = 715B10851BD7854E0037BD21 /* Bill.swift */; };
		715B10881BD78A970037BD21 /* Account.swift in Sources */ = {isa = PBXBuildFile; fileRef = 715B10871BD78A970037BD21 /* Account.swift */; };
		715B108A1BD78C410037BD21 /* Budget.swift in Sources */ = {isa = PBXBuildFile; fileRef = 715B10891BD78C410037BD21 /* Budget.swift */; };
		715B108C1BD78D340037BD21 /* ConsumeptionType.swift in Sources */ = {isa = PBXBuildFile; fileRef = 715B108B1BD78D340037BD21 /* ConsumeptionType.swift */; };
		715B10901BD78E710037BD21 /* Instalment.swift in Sources */ = {isa = PBXBuildFile; fileRef = 715B108F1BD78E710037BD21 /* Instalment.swift */; };
		715B10921BD78F780037BD21 /* Subject.swift in Sources */ = {isa = PBXBuildFile; fileRef = 715B10911BD78F780037BD21 /* Subject.swift */; };
		715B10941BD78FA20037BD21 /* Statementable.swift in Sources */ = {isa = PBXBuildFile; fileRef = 715B10931BD78FA20037BD21 /* Statementable.swift */; };
		715B10961BD7F3F20037BD21 /* AddAccountBookViewController.swift in Sources */ = {isa = PBXBuildFile; fileRef = 715B10951BD7F3F20037BD21 /* AddAccountBookViewController.swift */; };
		715DD0DF1B8F5B430004ECAB /* CameraUIButton.swift in Sources */ = {isa = PBXBuildFile; fileRef = 715DD0DE1B8F5B430004ECAB /* CameraUIButton.swift */; };
		7160EA031BD62A3400936FD2 /* BillType.swift in Sources */ = {isa = PBXBuildFile; fileRef = 7160EA021BD62A3400936FD2 /* BillType.swift */; };
		7160EA071BD62A8D00936FD2 /* ConsumeTypeData.swift in Sources */ = {isa = PBXBuildFile; fileRef = 7160EA061BD62A8D00936FD2 /* ConsumeTypeData.swift */; };
		71624AEA1C1B085700537DC7 /* ChildConsumeTypeListViewController.swift in Sources */ = {isa = PBXBuildFile; fileRef = 71624AE91C1B085700537DC7 /* ChildConsumeTypeListViewController.swift */; };
		716CF12E1C1471230085CA23 /* Delay.swift in Sources */ = {isa = PBXBuildFile; fileRef = 716CF12D1C1471230085CA23 /* Delay.swift */; };
		716CF1301C147D530085CA23 /* BudgetTableViewController.swift in Sources */ = {isa = PBXBuildFile; fileRef = 716CF12F1C147D530085CA23 /* BudgetTableViewController.swift */; };
		716CF1321C147EF20085CA23 /* BudgetSubTableViewController.swift in Sources */ = {isa = PBXBuildFile; fileRef = 716CF1311C147EF20085CA23 /* BudgetSubTableViewController.swift */; };
		716CF1361C14800F0085CA23 /* BudgetViewModel.swift in Sources */ = {isa = PBXBuildFile; fileRef = 716CF1351C14800F0085CA23 /* BudgetViewModel.swift */; };
		716CF13A1C1481F60085CA23 /* BudgetModel.swift in Sources */ = {isa = PBXBuildFile; fileRef = 716CF1391C1481F60085CA23 /* BudgetModel.swift */; };
		716CF13C1C14A1870085CA23 /* BudgetHeaderView.xib in Resources */ = {isa = PBXBuildFile; fileRef = 716CF13B1C14A1870085CA23 /* BudgetHeaderView.xib */; };
		716CF13E1C14A3200085CA23 /* BudgetTableViewHeaderFooterView.swift in Sources */ = {isa = PBXBuildFile; fileRef = 716CF13D1C14A3200085CA23 /* BudgetTableViewHeaderFooterView.swift */; };
		7173FDA01BF1E82E00ECC5C6 /* DefaultAccountBook.plist in Resources */ = {isa = PBXBuildFile; fileRef = 7173FD9F1BF1E82E00ECC5C6 /* DefaultAccountBook.plist */; };
		7173FDA51BF23E5000ECC5C6 /* AccountBookModel.swift in Sources */ = {isa = PBXBuildFile; fileRef = 7173FDA41BF23E5000ECC5C6 /* AccountBookModel.swift */; };
		7173FDA81BF3288C00ECC5C6 /* TextFieldAgent.swift in Sources */ = {isa = PBXBuildFile; fileRef = 7173FDA71BF3288C00ECC5C6 /* TextFieldAgent.swift */; };
		7173FDB11BF3A09F00ECC5C6 /* Realm+Extension.swift in Sources */ = {isa = PBXBuildFile; fileRef = 7173FDB01BF3A09F00ECC5C6 /* Realm+Extension.swift */; };
		7173FDB31BF3B5B800ECC5C6 /* CALayer+Extension.swift in Sources */ = {isa = PBXBuildFile; fileRef = 7173FDB21BF3B5B800ECC5C6 /* CALayer+Extension.swift */; };
		71747AA71C0006A400338E62 /* AddBillViewModel.swift in Sources */ = {isa = PBXBuildFile; fileRef = 71747AA61C0006A400338E62 /* AddBillViewModel.swift */; };
		71747AA91C0006C200338E62 /* AddBillModel.swift in Sources */ = {isa = PBXBuildFile; fileRef = 71747AA81C0006C200338E62 /* AddBillModel.swift */; };
		71747AAB1C00114E00338E62 /* LabelTableViewModel.swift in Sources */ = {isa = PBXBuildFile; fileRef = 71747AAA1C00114E00338E62 /* LabelTableViewModel.swift */; };
		71747AAD1C00116300338E62 /* LabelTableModel.swift in Sources */ = {isa = PBXBuildFile; fileRef = 71747AAC1C00116300338E62 /* LabelTableModel.swift */; };
		7179DA5B1B84E7E800A4D880 /* InfoPanelOfPortalView.swift in Sources */ = {isa = PBXBuildFile; fileRef = 7179DA5A1B84E7E800A4D880 /* InfoPanelOfPortalView.swift */; };
		7179DA6F1B85D05E00A4D880 /* ColumnChart.swift in Sources */ = {isa = PBXBuildFile; fileRef = 7179DA6E1B85D05E00A4D880 /* ColumnChart.swift */; };
		7179DA711B85E67800A4D880 /* ColorBox.swift in Sources */ = {isa = PBXBuildFile; fileRef = 7179DA701B85E67800A4D880 /* ColorBox.swift */; };
		7196DB1A1B8339660029A2A3 /* StatementViewController.swift in Sources */ = {isa = PBXBuildFile; fileRef = 7196DB191B8339660029A2A3 /* StatementViewController.swift */; };
		7196DB1C1B8339800029A2A3 /* MoreViewController.swift in Sources */ = {isa = PBXBuildFile; fileRef = 7196DB1B1B8339800029A2A3 /* MoreViewController.swift */; };
		71A7F6DE1BF58EC4006D2868 /* ViewModelNotifiable.swift in Sources */ = {isa = PBXBuildFile; fileRef = 71A7F6DD1BF58EC4006D2868 /* ViewModelNotifiable.swift */; };
		71A7F6E01BF59ACD006D2868 /* RealmModel.swift in Sources */ = {isa = PBXBuildFile; fileRef = 71A7F6DF1BF59ACD006D2868 /* RealmModel.swift */; };
		71A7F6E41BF5D74D006D2868 /* UIAlertHelper.swift in Sources */ = {isa = PBXBuildFile; fileRef = 71A7F6E31BF5D74D006D2868 /* UIAlertHelper.swift */; };
		71A7F6E61BF63622006D2868 /* PortalViewModel.swift in Sources */ = {isa = PBXBuildFile; fileRef = 71A7F6E51BF63622006D2868 /* PortalViewModel.swift */; };
		71AC48451BD21D050008B4F8 /* PreviewViewController.swift in Sources */ = {isa = PBXBuildFile; fileRef = 71AC48441BD21D050008B4F8 /* PreviewViewController.swift */; };
		71AC48471BD242FB0008B4F8 /* String+Extension.swift in Sources */ = {isa = PBXBuildFile; fileRef = 71AC48461BD242FB0008B4F8 /* String+Extension.swift */; };
		71AC484A1BD279800008B4F8 /* ParentConsumeTypeListViewController.swift in Sources */ = {isa = PBXBuildFile; fileRef = 71AC48491BD279800008B4F8 /* ParentConsumeTypeListViewController.swift */; };
		71AC484C1BD2B7850008B4F8 /* AddParentConsumeTypeViewController.swift in Sources */ = {isa = PBXBuildFile; fileRef = 71AC484B1BD2B7850008B4F8 /* AddParentConsumeTypeViewController.swift */; };
		71BC84761BDF363A00C6F92A /* StatmentAnalysisViewController.swift in Sources */ = {isa = PBXBuildFile; fileRef = 71BC84751BDF363A00C6F92A /* StatmentAnalysisViewController.swift */; };
		71BC847A1BDF365E00C6F92A /* StatementSearchConditionViewController.swift in Sources */ = {isa = PBXBuildFile; fileRef = 71BC84791BDF365E00C6F92A /* StatementSearchConditionViewController.swift */; };
		71BC847D1BDFADE500C6F92A /* FWChartController.swift in Sources */ = {isa = PBXBuildFile; fileRef = 71BC847C1BDFADE500C6F92A /* FWChartController.swift */; };
		71BC847F1BE1CAD100C6F92A /* StatementViewCell.swift in Sources */ = {isa = PBXBuildFile; fileRef = 71BC847E1BE1CAD100C6F92A /* StatementViewCell.swift */; };
		71D1C36E1BD9D3780055C36C /* BillStreamViewModel.swift in Sources */ = {isa = PBXBuildFile; fileRef = 71D1C36D1BD9D3780055C36C /* BillStreamViewModel.swift */; };
		71D720051BE730C800C586BF /* BudgetTableViewCell.swift in Sources */ = {isa = PBXBuildFile; fileRef = 71D720041BE730C800C586BF /* BudgetTableViewCell.swift */; };
		71EB6D901C0B2E590072BCE7 /* ViewModelBase.swift in Sources */ = {isa = PBXBuildFile; fileRef = 71EB6D8F1C0B2E590072BCE7 /* ViewModelBase.swift */; };
		71EB6D921C0B2EB60072BCE7 /* ModelBase.swift in Sources */ = {isa = PBXBuildFile; fileRef = 71EB6D911C0B2EB60072BCE7 /* ModelBase.swift */; };
		71F24A961BDB7802002177C5 /* BillStreamHeaderWithIncome.xib in Resources */ = {isa = PBXBuildFile; fileRef = 71F24A951BDB7802002177C5 /* BillStreamHeaderWithIncome.xib */; };
		71F24A9A1BDB782B002177C5 /* BillStreamHeaderWithExpense.xib in Resources */ = {isa = PBXBuildFile; fileRef = 71F24A991BDB782B002177C5 /* BillStreamHeaderWithExpense.xib */; };
		71FB01C91B934A4C00575D5C /* ConsumeptionTypePickerViewController.swift in Sources */ = {isa = PBXBuildFile; fileRef = 71FB01C81B934A4C00575D5C /* ConsumeptionTypePickerViewController.swift */; };
/* End PBXBuildFile section */

/* Begin PBXContainerItemProxy section */
		710DB3A81B81DFF6003E74FA /* PBXContainerItemProxy */ = {
			isa = PBXContainerItemProxy;
			containerPortal = 710DB3801B81DFF6003E74FA /* Project object */;
			proxyType = 1;
			remoteGlobalIDString = 710DB3871B81DFF6003E74FA;
			remoteInfo = Kuaijizhang;
		};
		710F4C1D1C0C4AEB002B704D /* PBXContainerItemProxy */ = {
			isa = PBXContainerItemProxy;
			containerPortal = 710DB3801B81DFF6003E74FA /* Project object */;
			proxyType = 1;
			remoteGlobalIDString = 710DB3871B81DFF6003E74FA;
			remoteInfo = Kuaijizhang;
		};
/* End PBXContainerItemProxy section */

/* Begin PBXFileReference section */
		2F694ECA293A1AC5422BD727 /* Pods.debug.xcconfig */ = {isa = PBXFileReference; includeInIndex = 1; lastKnownFileType = text.xcconfig; name = Pods.debug.xcconfig; path = "Pods/Target Support Files/Pods/Pods.debug.xcconfig"; sourceTree = "<group>"; };
		3D7F154DE9342BFDBA62A406 /* Pods.release.xcconfig */ = {isa = PBXFileReference; includeInIndex = 1; lastKnownFileType = text.xcconfig; name = Pods.release.xcconfig; path = "Pods/Target Support Files/Pods/Pods.release.xcconfig"; sourceTree = "<group>"; };
		710DB3881B81DFF6003E74FA /* Kuaijizhang.app */ = {isa = PBXFileReference; explicitFileType = wrapper.application; includeInIndex = 0; path = Kuaijizhang.app; sourceTree = BUILT_PRODUCTS_DIR; };
		710DB38B1B81DFF6003E74FA /* AppDelegate.swift */ = {isa = PBXFileReference; lastKnownFileType = sourcecode.swift; path = AppDelegate.swift; sourceTree = "<group>"; };
		710DB38D1B81DFF6003E74FA /* ViewController.swift */ = {isa = PBXFileReference; lastKnownFileType = sourcecode.swift; path = ViewController.swift; sourceTree = "<group>"; };
		710DB3901B81DFF6003E74FA /* Base */ = {isa = PBXFileReference; lastKnownFileType = file.storyboard; name = Base; path = Base.lproj/Main.storyboard; sourceTree = "<group>"; };
		710DB3921B81DFF6003E74FA /* Assets.xcassets */ = {isa = PBXFileReference; lastKnownFileType = folder.assetcatalog; path = Assets.xcassets; sourceTree = "<group>"; };
		710DB3951B81DFF6003E74FA /* Base */ = {isa = PBXFileReference; lastKnownFileType = file.storyboard; name = Base; path = Base.lproj/LaunchScreen.storyboard; sourceTree = "<group>"; };
		710DB3971B81DFF6003E74FA /* Info.plist */ = {isa = PBXFileReference; lastKnownFileType = text.plist.xml; path = Info.plist; sourceTree = "<group>"; };
		710DB3A71B81DFF6003E74FA /* KuaijizhangUITests.xctest */ = {isa = PBXFileReference; explicitFileType = wrapper.cfbundle; includeInIndex = 0; path = KuaijizhangUITests.xctest; sourceTree = BUILT_PRODUCTS_DIR; };
		710DB3AB1B81DFF6003E74FA /* KuaijizhangUITests.swift */ = {isa = PBXFileReference; lastKnownFileType = sourcecode.swift; path = KuaijizhangUITests.swift; sourceTree = "<group>"; };
		710DB3AD1B81DFF6003E74FA /* Info.plist */ = {isa = PBXFileReference; lastKnownFileType = text.plist.xml; path = Info.plist; sourceTree = "<group>"; };
		710DB3BB1B8247CB003E74FA /* AddBillViewController.swift */ = {isa = PBXFileReference; fileEncoding = 4; lastKnownFileType = sourcecode.swift; path = AddBillViewController.swift; sourceTree = "<group>"; };
		710F4C2A1C0C5208002B704D /* TestModel.swift */ = {isa = PBXFileReference; fileEncoding = 4; lastKnownFileType = sourcecode.swift; path = TestModel.swift; sourceTree = "<group>"; };
		710F4C2D1C0DF408002B704D /* SubjectTableViewController.swift */ = {isa = PBXFileReference; fileEncoding = 4; lastKnownFileType = sourcecode.swift; path = SubjectTableViewController.swift; sourceTree = "<group>"; };
		711176841B93526300170668 /* DateViewController.swift */ = {isa = PBXFileReference; fileEncoding = 4; lastKnownFileType = sourcecode.swift; path = DateViewController.swift; sourceTree = "<group>"; };
		711C67151B94894800219806 /* LabelTableViewController.swift */ = {isa = PBXFileReference; fileEncoding = 4; lastKnownFileType = sourcecode.swift; path = LabelTableViewController.swift; sourceTree = "<group>"; };
		711C67171B94896F00219806 /* AddLabelViewController.swift */ = {isa = PBXFileReference; fileEncoding = 4; lastKnownFileType = sourcecode.swift; path = AddLabelViewController.swift; sourceTree = "<group>"; };
		712816471B92DE8200539691 /* NumberPadViewController.swift */ = {isa = PBXFileReference; fileEncoding = 4; lastKnownFileType = sourcecode.swift; path = NumberPadViewController.swift; sourceTree = "<group>"; };
		712C5ACC1C0A141900288CE6 /* AccountHeader.xib */ = {isa = PBXFileReference; fileEncoding = 4; lastKnownFileType = file.xib; path = AccountHeader.xib; sourceTree = "<group>"; };
		712DABBE1C1DD868006A9871 /* AddChildConsumeTypeViewController.swift */ = {isa = PBXFileReference; fileEncoding = 4; lastKnownFileType = sourcecode.swift; path = AddChildConsumeTypeViewController.swift; sourceTree = "<group>"; };
		712DABC01C1F0874006A9871 /* ConsumeptionTypeIconCollectionAgent.swift */ = {isa = PBXFileReference; fileEncoding = 4; lastKnownFileType = sourcecode.swift; path = ConsumeptionTypeIconCollectionAgent.swift; sourceTree = "<group>"; };
		71341E471BDA05C1004C0CAB /* BillStreamHeaderView.xib */ = {isa = PBXFileReference; fileEncoding = 4; lastKnownFileType = file.xib; path = BillStreamHeaderView.xib; sourceTree = "<group>"; };
		71341E491BDA1662004C0CAB /* BillStreamHeaderView.swift */ = {isa = PBXFileReference; fileEncoding = 4; lastKnownFileType = sourcecode.swift; path = BillStreamHeaderView.swift; sourceTree = "<group>"; };
		71341E4C1BDA1B6B004C0CAB /* BillStreamViewCell.swift */ = {isa = PBXFileReference; fileEncoding = 4; lastKnownFileType = sourcecode.swift; path = BillStreamViewCell.swift; sourceTree = "<group>"; };
		71341E501BDA2F0B004C0CAB /* BillStreamTableViewController.swift */ = {isa = PBXFileReference; fileEncoding = 4; lastKnownFileType = sourcecode.swift; path = BillStreamTableViewController.swift; sourceTree = "<group>"; };
		7134ACEB1C036CEF00865261 /* ConsumeptionTypeViewModel.swift */ = {isa = PBXFileReference; fileEncoding = 4; lastKnownFileType = sourcecode.swift; path = ConsumeptionTypeViewModel.swift; sourceTree = "<group>"; };
		7134ACED1C036DA300865261 /* ConsumeptionTypeModel.swift */ = {isa = PBXFileReference; fileEncoding = 4; lastKnownFileType = sourcecode.swift; path = ConsumeptionTypeModel.swift; sourceTree = "<group>"; };
		7134ACEF1C04AD7D00865261 /* AccountPickerViewController.swift */ = {isa = PBXFileReference; fileEncoding = 4; lastKnownFileType = sourcecode.swift; path = AccountPickerViewController.swift; sourceTree = "<group>"; };
		7134ACF11C04ADF700865261 /* AccountViewModel.swift */ = {isa = PBXFileReference; fileEncoding = 4; lastKnownFileType = sourcecode.swift; path = AccountViewModel.swift; sourceTree = "<group>"; };
		7134ACF31C04AE0500865261 /* AccountModel.swift */ = {isa = PBXFileReference; fileEncoding = 4; lastKnownFileType = sourcecode.swift; path = AccountModel.swift; sourceTree = "<group>"; };
		7134ACF51C04BF0600865261 /* AccountTableViewController.swift */ = {isa = PBXFileReference; fileEncoding = 4; lastKnownFileType = sourcecode.swift; path = AccountTableViewController.swift; sourceTree = "<group>"; };
		7134ACFA1C06004700865261 /* AccountHeaderView.swift */ = {isa = PBXFileReference; fileEncoding = 4; lastKnownFileType = sourcecode.swift; path = AccountHeaderView.swift; sourceTree = "<group>"; };
		7134ACFC1C07388A00865261 /* AccountTypeTableViewController.swift */ = {isa = PBXFileReference; fileEncoding = 4; lastKnownFileType = sourcecode.swift; path = AccountTypeTableViewController.swift; sourceTree = "<group>"; };
		7134ACFE1C073A4A00865261 /* AddAccountTableViewController.swift */ = {isa = PBXFileReference; fileEncoding = 4; lastKnownFileType = sourcecode.swift; path = AddAccountTableViewController.swift; sourceTree = "<group>"; };
		714019051B8327AC00C97048 /* AccountBookViewController.swift */ = {isa = PBXFileReference; fileEncoding = 4; lastKnownFileType = sourcecode.swift; path = AccountBookViewController.swift; sourceTree = "<group>"; };
		714935251BE34FF2006B6F12 /* CatlogManagePageViewController.swift */ = {isa = PBXFileReference; fileEncoding = 4; lastKnownFileType = sourcecode.swift; path = CatlogManagePageViewController.swift; sourceTree = "<group>"; };
		714EC9A01BF76679005C227C /* DateHelper.swift */ = {isa = PBXFileReference; fileEncoding = 4; lastKnownFileType = sourcecode.swift; path = DateHelper.swift; sourceTree = "<group>"; };
		714EC9A21BF771EA005C227C /* PortalModel.swift */ = {isa = PBXFileReference; fileEncoding = 4; lastKnownFileType = sourcecode.swift; path = PortalModel.swift; sourceTree = "<group>"; };
		714EC9A51BF86333005C227C /* test.playground */ = {isa = PBXFileReference; lastKnownFileType = file.playground; path = test.playground; sourceTree = "<group>"; };
		715A0B6C1BEF29480069C012 /* User.swift */ = {isa = PBXFileReference; fileEncoding = 4; lastKnownFileType = sourcecode.swift; path = User.swift; sourceTree = "<group>"; };
		715A0B6E1BF0ECDE0069C012 /* System.swift */ = {isa = PBXFileReference; fileEncoding = 4; lastKnownFileType = sourcecode.swift; path = System.swift; sourceTree = "<group>"; };
		715B107B1BD7784A0037BD21 /* AccountBookViewModel.swift */ = {isa = PBXFileReference; fileEncoding = 4; lastKnownFileType = sourcecode.swift; path = AccountBookViewModel.swift; sourceTree = "<group>"; };
		715B10811BD779CA0037BD21 /* Statisticable.swift */ = {isa = PBXFileReference; fileEncoding = 4; lastKnownFileType = sourcecode.swift; path = Statisticable.swift; sourceTree = "<group>"; };
		715B10831BD783620037BD21 /* AccountBook.swift */ = {isa = PBXFileReference; fileEncoding = 4; lastKnownFileType = sourcecode.swift; path = AccountBook.swift; sourceTree = "<group>"; };
		715B10851BD7854E0037BD21 /* Bill.swift */ = {isa = PBXFileReference; fileEncoding = 4; lastKnownFileType = sourcecode.swift; path = Bill.swift; sourceTree = "<group>"; };
		715B10871BD78A970037BD21 /* Account.swift */ = {isa = PBXFileReference; fileEncoding = 4; lastKnownFileType = sourcecode.swift; path = Account.swift; sourceTree = "<group>"; };
		715B10891BD78C410037BD21 /* Budget.swift */ = {isa = PBXFileReference; fileEncoding = 4; lastKnownFileType = sourcecode.swift; path = Budget.swift; sourceTree = "<group>"; };
		715B108B1BD78D340037BD21 /* ConsumeptionType.swift */ = {isa = PBXFileReference; fileEncoding = 4; lastKnownFileType = sourcecode.swift; path = ConsumeptionType.swift; sourceTree = "<group>"; };
		715B108F1BD78E710037BD21 /* Instalment.swift */ = {isa = PBXFileReference; fileEncoding = 4; lastKnownFileType = sourcecode.swift; path = Instalment.swift; sourceTree = "<group>"; };
		715B10911BD78F780037BD21 /* Subject.swift */ = {isa = PBXFileReference; fileEncoding = 4; lastKnownFileType = sourcecode.swift; path = Subject.swift; sourceTree = "<group>"; };
		715B10931BD78FA20037BD21 /* Statementable.swift */ = {isa = PBXFileReference; fileEncoding = 4; lastKnownFileType = sourcecode.swift; path = Statementable.swift; sourceTree = "<group>"; };
		715B10951BD7F3F20037BD21 /* AddAccountBookViewController.swift */ = {isa = PBXFileReference; fileEncoding = 4; lastKnownFileType = sourcecode.swift; path = AddAccountBookViewController.swift; sourceTree = "<group>"; };
		715DD0DE1B8F5B430004ECAB /* CameraUIButton.swift */ = {isa = PBXFileReference; fileEncoding = 4; lastKnownFileType = sourcecode.swift; path = CameraUIButton.swift; sourceTree = "<group>"; };
		7160EA021BD62A3400936FD2 /* BillType.swift */ = {isa = PBXFileReference; fileEncoding = 4; lastKnownFileType = sourcecode.swift; path = BillType.swift; sourceTree = "<group>"; };
		7160EA061BD62A8D00936FD2 /* ConsumeTypeData.swift */ = {isa = PBXFileReference; fileEncoding = 4; lastKnownFileType = sourcecode.swift; path = ConsumeTypeData.swift; sourceTree = "<group>"; };
		71624AE91C1B085700537DC7 /* ChildConsumeTypeListViewController.swift */ = {isa = PBXFileReference; fileEncoding = 4; lastKnownFileType = sourcecode.swift; path = ChildConsumeTypeListViewController.swift; sourceTree = "<group>"; };
		716CF12D1C1471230085CA23 /* Delay.swift */ = {isa = PBXFileReference; fileEncoding = 4; lastKnownFileType = sourcecode.swift; path = Delay.swift; sourceTree = "<group>"; };
		716CF12F1C147D530085CA23 /* BudgetTableViewController.swift */ = {isa = PBXFileReference; fileEncoding = 4; lastKnownFileType = sourcecode.swift; path = BudgetTableViewController.swift; sourceTree = "<group>"; };
		716CF1311C147EF20085CA23 /* BudgetSubTableViewController.swift */ = {isa = PBXFileReference; fileEncoding = 4; lastKnownFileType = sourcecode.swift; path = BudgetSubTableViewController.swift; sourceTree = "<group>"; };
		716CF1351C14800F0085CA23 /* BudgetViewModel.swift */ = {isa = PBXFileReference; fileEncoding = 4; lastKnownFileType = sourcecode.swift; path = BudgetViewModel.swift; sourceTree = "<group>"; };
		716CF1391C1481F60085CA23 /* BudgetModel.swift */ = {isa = PBXFileReference; fileEncoding = 4; lastKnownFileType = sourcecode.swift; path = BudgetModel.swift; sourceTree = "<group>"; };
		716CF13B1C14A1870085CA23 /* BudgetHeaderView.xib */ = {isa = PBXFileReference; fileEncoding = 4; lastKnownFileType = file.xib; path = BudgetHeaderView.xib; sourceTree = "<group>"; };
		716CF13D1C14A3200085CA23 /* BudgetTableViewHeaderFooterView.swift */ = {isa = PBXFileReference; fileEncoding = 4; lastKnownFileType = sourcecode.swift; path = BudgetTableViewHeaderFooterView.swift; sourceTree = "<group>"; };
		717394621C0C382B00C8EB58 /* Realm.framework */ = {isa = PBXFileReference; lastKnownFileType = wrapper.framework; name = Realm.framework; path = "Pods/../build/Debug-iphoneos/Realm.framework"; sourceTree = "<group>"; };
		717394641C0C383100C8EB58 /* RealmSwift.framework */ = {isa = PBXFileReference; lastKnownFileType = wrapper.framework; name = RealmSwift.framework; path = "Pods/../build/Debug-iphoneos/RealmSwift.framework"; sourceTree = "<group>"; };
		7173946C1C0C494A00C8EB58 /* Realm.framework */ = {isa = PBXFileReference; lastKnownFileType = wrapper.framework; name = Realm.framework; path = "Pods/../build/Debug-iphoneos/Realm.framework"; sourceTree = "<group>"; };
		7173946E1C0C494F00C8EB58 /* RealmSwift.framework */ = {isa = PBXFileReference; lastKnownFileType = wrapper.framework; name = RealmSwift.framework; path = "Pods/../build/Debug-iphoneos/RealmSwift.framework"; sourceTree = "<group>"; };
		7173FD9F1BF1E82E00ECC5C6 /* DefaultAccountBook.plist */ = {isa = PBXFileReference; fileEncoding = 4; lastKnownFileType = text.plist.xml; path = DefaultAccountBook.plist; sourceTree = "<group>"; };
		7173FDA41BF23E5000ECC5C6 /* AccountBookModel.swift */ = {isa = PBXFileReference; fileEncoding = 4; lastKnownFileType = sourcecode.swift; path = AccountBookModel.swift; sourceTree = "<group>"; };
		7173FDA71BF3288C00ECC5C6 /* TextFieldAgent.swift */ = {isa = PBXFileReference; fileEncoding = 4; lastKnownFileType = sourcecode.swift; path = TextFieldAgent.swift; sourceTree = "<group>"; };
		7173FDB01BF3A09F00ECC5C6 /* Realm+Extension.swift */ = {isa = PBXFileReference; fileEncoding = 4; lastKnownFileType = sourcecode.swift; path = "Realm+Extension.swift"; sourceTree = "<group>"; };
		7173FDB21BF3B5B800ECC5C6 /* CALayer+Extension.swift */ = {isa = PBXFileReference; fileEncoding = 4; lastKnownFileType = sourcecode.swift; path = "CALayer+Extension.swift"; sourceTree = "<group>"; };
		71747AA61C0006A400338E62 /* AddBillViewModel.swift */ = {isa = PBXFileReference; fileEncoding = 4; lastKnownFileType = sourcecode.swift; path = AddBillViewModel.swift; sourceTree = "<group>"; };
		71747AA81C0006C200338E62 /* AddBillModel.swift */ = {isa = PBXFileReference; fileEncoding = 4; lastKnownFileType = sourcecode.swift; path = AddBillModel.swift; sourceTree = "<group>"; };
		71747AAA1C00114E00338E62 /* LabelTableViewModel.swift */ = {isa = PBXFileReference; fileEncoding = 4; lastKnownFileType = sourcecode.swift; path = LabelTableViewModel.swift; sourceTree = "<group>"; };
		71747AAC1C00116300338E62 /* LabelTableModel.swift */ = {isa = PBXFileReference; fileEncoding = 4; lastKnownFileType = sourcecode.swift; path = LabelTableModel.swift; sourceTree = "<group>"; };
		7179DA5A1B84E7E800A4D880 /* InfoPanelOfPortalView.swift */ = {isa = PBXFileReference; fileEncoding = 4; lastKnownFileType = sourcecode.swift; path = InfoPanelOfPortalView.swift; sourceTree = "<group>"; };
		7179DA6E1B85D05E00A4D880 /* ColumnChart.swift */ = {isa = PBXFileReference; fileEncoding = 4; lastKnownFileType = sourcecode.swift; path = ColumnChart.swift; sourceTree = "<group>"; };
		7179DA701B85E67800A4D880 /* ColorBox.swift */ = {isa = PBXFileReference; fileEncoding = 4; lastKnownFileType = sourcecode.swift; path = ColorBox.swift; sourceTree = "<group>"; };
		7196DB191B8339660029A2A3 /* StatementViewController.swift */ = {isa = PBXFileReference; fileEncoding = 4; lastKnownFileType = sourcecode.swift; path = StatementViewController.swift; sourceTree = "<group>"; };
		7196DB1B1B8339800029A2A3 /* MoreViewController.swift */ = {isa = PBXFileReference; fileEncoding = 4; lastKnownFileType = sourcecode.swift; path = MoreViewController.swift; sourceTree = "<group>"; };
		71A7F6DD1BF58EC4006D2868 /* ViewModelNotifiable.swift */ = {isa = PBXFileReference; fileEncoding = 4; lastKnownFileType = sourcecode.swift; path = ViewModelNotifiable.swift; sourceTree = "<group>"; };
		71A7F6DF1BF59ACD006D2868 /* RealmModel.swift */ = {isa = PBXFileReference; fileEncoding = 4; lastKnownFileType = sourcecode.swift; path = RealmModel.swift; sourceTree = "<group>"; };
		71A7F6E31BF5D74D006D2868 /* UIAlertHelper.swift */ = {isa = PBXFileReference; fileEncoding = 4; lastKnownFileType = sourcecode.swift; path = UIAlertHelper.swift; sourceTree = "<group>"; };
		71A7F6E51BF63622006D2868 /* PortalViewModel.swift */ = {isa = PBXFileReference; fileEncoding = 4; lastKnownFileType = sourcecode.swift; path = PortalViewModel.swift; sourceTree = "<group>"; };
		71AC48441BD21D050008B4F8 /* PreviewViewController.swift */ = {isa = PBXFileReference; fileEncoding = 4; lastKnownFileType = sourcecode.swift; path = PreviewViewController.swift; sourceTree = "<group>"; };
		71AC48461BD242FB0008B4F8 /* String+Extension.swift */ = {isa = PBXFileReference; fileEncoding = 4; lastKnownFileType = sourcecode.swift; path = "String+Extension.swift"; sourceTree = "<group>"; };
		71AC48491BD279800008B4F8 /* ParentConsumeTypeListViewController.swift */ = {isa = PBXFileReference; fileEncoding = 4; lastKnownFileType = sourcecode.swift; path = ParentConsumeTypeListViewController.swift; sourceTree = "<group>"; };
		71AC484B1BD2B7850008B4F8 /* AddParentConsumeTypeViewController.swift */ = {isa = PBXFileReference; fileEncoding = 4; lastKnownFileType = sourcecode.swift; path = AddParentConsumeTypeViewController.swift; sourceTree = "<group>"; };
		71B1AC001BE50513003CA9A8 /* swift-objc-bridge-header.h */ = {isa = PBXFileReference; lastKnownFileType = sourcecode.c.h; path = "swift-objc-bridge-header.h"; sourceTree = "<group>"; };
		71BC84751BDF363A00C6F92A /* StatmentAnalysisViewController.swift */ = {isa = PBXFileReference; fileEncoding = 4; lastKnownFileType = sourcecode.swift; path = StatmentAnalysisViewController.swift; sourceTree = "<group>"; };
		71BC84791BDF365E00C6F92A /* StatementSearchConditionViewController.swift */ = {isa = PBXFileReference; fileEncoding = 4; lastKnownFileType = sourcecode.swift; path = StatementSearchConditionViewController.swift; sourceTree = "<group>"; };
		71BC847C1BDFADE500C6F92A /* FWChartController.swift */ = {isa = PBXFileReference; fileEncoding = 4; lastKnownFileType = sourcecode.swift; path = FWChartController.swift; sourceTree = "<group>"; };
		71BC847E1BE1CAD100C6F92A /* StatementViewCell.swift */ = {isa = PBXFileReference; fileEncoding = 4; lastKnownFileType = sourcecode.swift; path = StatementViewCell.swift; sourceTree = "<group>"; };
		71C44DF91C0AD8780002F627 /* TestCaseBase.swift */ = {isa = PBXFileReference; fileEncoding = 4; lastKnownFileType = sourcecode.swift; path = TestCaseBase.swift; sourceTree = "<group>"; };
		71D1C36D1BD9D3780055C36C /* BillStreamViewModel.swift */ = {isa = PBXFileReference; fileEncoding = 4; lastKnownFileType = sourcecode.swift; path = BillStreamViewModel.swift; sourceTree = "<group>"; };
		71D720041BE730C800C586BF /* BudgetTableViewCell.swift */ = {isa = PBXFileReference; fileEncoding = 4; lastKnownFileType = sourcecode.swift; path = BudgetTableViewCell.swift; sourceTree = "<group>"; };
		71EB6D8F1C0B2E590072BCE7 /* ViewModelBase.swift */ = {isa = PBXFileReference; fileEncoding = 4; lastKnownFileType = sourcecode.swift; path = ViewModelBase.swift; sourceTree = "<group>"; };
		71EB6D911C0B2EB60072BCE7 /* ModelBase.swift */ = {isa = PBXFileReference; fileEncoding = 4; lastKnownFileType = sourcecode.swift; path = ModelBase.swift; sourceTree = "<group>"; };
		71F24A951BDB7802002177C5 /* BillStreamHeaderWithIncome.xib */ = {isa = PBXFileReference; fileEncoding = 4; lastKnownFileType = file.xib; path = BillStreamHeaderWithIncome.xib; sourceTree = "<group>"; };
		71F24A991BDB782B002177C5 /* BillStreamHeaderWithExpense.xib */ = {isa = PBXFileReference; fileEncoding = 4; lastKnownFileType = file.xib; path = BillStreamHeaderWithExpense.xib; sourceTree = "<group>"; };
		71FB01C81B934A4C00575D5C /* ConsumeptionTypePickerViewController.swift */ = {isa = PBXFileReference; fileEncoding = 4; lastKnownFileType = sourcecode.swift; path = ConsumeptionTypePickerViewController.swift; sourceTree = "<group>"; };
		71FB74271BF8A81E006205E4 /* KuaijizhangTests.xctest */ = {isa = PBXFileReference; explicitFileType = wrapper.cfbundle; includeInIndex = 0; path = KuaijizhangTests.xctest; sourceTree = BUILT_PRODUCTS_DIR; };
		71FB742B1BF8A81E006205E4 /* Info.plist */ = {isa = PBXFileReference; lastKnownFileType = text.plist.xml; path = Info.plist; sourceTree = "<group>"; };
		71FB74311BF8A8BB006205E4 /* DateHelperTest.swift */ = {isa = PBXFileReference; fileEncoding = 4; lastKnownFileType = sourcecode.swift; path = DateHelperTest.swift; sourceTree = "<group>"; };
		71FDB8711C0AD93B00FEB1B6 /* RealmModelTest.swift */ = {isa = PBXFileReference; fileEncoding = 4; lastKnownFileType = sourcecode.swift; path = RealmModelTest.swift; sourceTree = "<group>"; };
		90C5E098CEB512BE7A2D8640 /* Pods.framework */ = {isa = PBXFileReference; explicitFileType = wrapper.framework; includeInIndex = 0; path = Pods.framework; sourceTree = BUILT_PRODUCTS_DIR; };
/* End PBXFileReference section */

/* Begin PBXFrameworksBuildPhase section */
		710DB3851B81DFF6003E74FA /* Frameworks */ = {
			isa = PBXFrameworksBuildPhase;
			buildActionMask = 2147483647;
			files = (
				5F0FF4807D3E5507AB92CDCB /* Pods.framework in Frameworks */,
			);
			runOnlyForDeploymentPostprocessing = 0;
		};
		710DB3A41B81DFF6003E74FA /* Frameworks */ = {
			isa = PBXFrameworksBuildPhase;
			buildActionMask = 2147483647;
			files = (
			);
			runOnlyForDeploymentPostprocessing = 0;
		};
		71FB74241BF8A81E006205E4 /* Frameworks */ = {
			isa = PBXFrameworksBuildPhase;
			buildActionMask = 2147483647;
			files = (
			);
			runOnlyForDeploymentPostprocessing = 0;
		};
/* End PBXFrameworksBuildPhase section */

/* Begin PBXGroup section */
		60339B34CB1EFD84054144F7 /* Pods */ = {
			isa = PBXGroup;
			children = (
				2F694ECA293A1AC5422BD727 /* Pods.debug.xcconfig */,
				3D7F154DE9342BFDBA62A406 /* Pods.release.xcconfig */,
			);
			name = Pods;
			sourceTree = "<group>";
		};
		710DB37F1B81DFF6003E74FA = {
			isa = PBXGroup;
			children = (
				710DB38A1B81DFF6003E74FA /* Kuaijizhang */,
				71FB74281BF8A81E006205E4 /* KuaijizhangTests */,
				710DB3AA1B81DFF6003E74FA /* KuaijizhangUITests */,
				B8EA83A42DE02B9F281AB1A4 /* Frameworks */,
				60339B34CB1EFD84054144F7 /* Pods */,
				710DB3891B81DFF6003E74FA /* Products */,
			);
			sourceTree = "<group>";
		};
		710DB3891B81DFF6003E74FA /* Products */ = {
			isa = PBXGroup;
			children = (
				710DB3881B81DFF6003E74FA /* Kuaijizhang.app */,
				710DB3A71B81DFF6003E74FA /* KuaijizhangUITests.xctest */,
				71FB74271BF8A81E006205E4 /* KuaijizhangTests.xctest */,
			);
			name = Products;
			sourceTree = "<group>";
		};
		710DB38A1B81DFF6003E74FA /* Kuaijizhang */ = {
			isa = PBXGroup;
			children = (
				7179DA641B857BEF00A4D880 /* AccountBook */,
				7173FDAE1BF373A200ECC5C6 /* Agent */,
				7179DA651B857BFC00A4D880 /* BillStream */,
				715A53621B89AF06009E7DF2 /* Conmmon */,
				71AC48481BD243070008B4F8 /* Extension */,
				714EC99F1BF7664F005C227C /* Helper */,
				715B10801BD779AB0037BD21 /* Model */,
				7179DA671B857C0C00A4D880 /* More */,
				7179DA601B857B8000A4D880 /* Portal */,
				71A7F6E11BF59F5A006D2868 /* Realm */,
				7179DA661B857C0300A4D880 /* Statement */,
				710DB38B1B81DFF6003E74FA /* AppDelegate.swift */,
				710DB3921B81DFF6003E74FA /* Assets.xcassets */,
				7173FD9F1BF1E82E00ECC5C6 /* DefaultAccountBook.plist */,
				710DB3971B81DFF6003E74FA /* Info.plist */,
				710DB3941B81DFF6003E74FA /* LaunchScreen.storyboard */,
				710DB38F1B81DFF6003E74FA /* Main.storyboard */,
				71EB6D911C0B2EB60072BCE7 /* ModelBase.swift */,
				71EB6D8F1C0B2E590072BCE7 /* ViewModelBase.swift */,
				71A7F6DD1BF58EC4006D2868 /* ViewModelNotifiable.swift */,
				71B1AC001BE50513003CA9A8 /* swift-objc-bridge-header.h */,
				714EC9A51BF86333005C227C /* test.playground */,
			);
			path = Kuaijizhang;
			sourceTree = "<group>";
		};
		710DB3AA1B81DFF6003E74FA /* KuaijizhangUITests */ = {
			isa = PBXGroup;
			children = (
				710DB3AD1B81DFF6003E74FA /* Info.plist */,
				710DB3AB1B81DFF6003E74FA /* KuaijizhangUITests.swift */,
			);
			path = KuaijizhangUITests;
			sourceTree = "<group>";
		};
		712C5ACE1C0A143500288CE6 /* xib */ = {
			isa = PBXGroup;
			children = (
				712C5ACC1C0A141900288CE6 /* AccountHeader.xib */,
				716CF13B1C14A1870085CA23 /* BudgetHeaderView.xib */,
			);
			path = xib;
			sourceTree = "<group>";
		};
		71341E4B1BDA1669004C0CAB /* View */ = {
			isa = PBXGroup;
			children = (
				71341E491BDA1662004C0CAB /* BillStreamHeaderView.swift */,
				71341E4C1BDA1B6B004C0CAB /* BillStreamViewCell.swift */,
			);
			path = View;
			sourceTree = "<group>";
		};
		7134AD001C073DBC00865261 /* Account */ = {
			isa = PBXGroup;
			children = (
				7134ACF51C04BF0600865261 /* AccountTableViewController.swift */,
				7134ACFC1C07388A00865261 /* AccountTypeTableViewController.swift */,
				7134ACFE1C073A4A00865261 /* AddAccountTableViewController.swift */,
			);
			path = Account;
			sourceTree = "<group>";
		};
		7134AD011C073DD400865261 /* ConsumeptionType */ = {
			isa = PBXGroup;
			children = (
				712DABBE1C1DD868006A9871 /* AddChildConsumeTypeViewController.swift */,
				71AC484B1BD2B7850008B4F8 /* AddParentConsumeTypeViewController.swift */,
				71624AE91C1B085700537DC7 /* ChildConsumeTypeListViewController.swift */,
				71FB01C81B934A4C00575D5C /* ConsumeptionTypePickerViewController.swift */,
				71AC48491BD279800008B4F8 /* ParentConsumeTypeListViewController.swift */,
			);
			path = ConsumeptionType;
			sourceTree = "<group>";
		};
		7134AD021C073DED00865261 /* Subject */ = {
			isa = PBXGroup;
			children = (
				711C67171B94896F00219806 /* AddLabelViewController.swift */,
				711C67151B94894800219806 /* LabelTableViewController.swift */,
			);
			path = Subject;
			sourceTree = "<group>";
		};
		714EC99F1BF7664F005C227C /* Helper */ = {
			isa = PBXGroup;
			children = (
				714EC9A01BF76679005C227C /* DateHelper.swift */,
				716CF12D1C1471230085CA23 /* Delay.swift */,
				71A7F6E31BF5D74D006D2868 /* UIAlertHelper.swift */,
			);
			path = Helper;
			sourceTree = "<group>";
		};
		714EC9A41BF771F5005C227C /* Model */ = {
			isa = PBXGroup;
			children = (
				71747AA81C0006C200338E62 /* AddBillModel.swift */,
				7134ACED1C036DA300865261 /* ConsumeptionTypeModel.swift */,
				714EC9A21BF771EA005C227C /* PortalModel.swift */,
			);
			path = Model;
			sourceTree = "<group>";
		};
		715A535E1B89AE7D009E7DF2 /* Controller */ = {
			isa = PBXGroup;
			children = (
				71341E501BDA2F0B004C0CAB /* BillStreamTableViewController.swift */,
			);
			path = Controller;
			sourceTree = "<group>";
		};
		715A535F1B89AE8D009E7DF2 /* Controller */ = {
			isa = PBXGroup;
			children = (
				71BC84791BDF365E00C6F92A /* StatementSearchConditionViewController.swift */,
				7196DB191B8339660029A2A3 /* StatementViewController.swift */,
				71BC84751BDF363A00C6F92A /* StatmentAnalysisViewController.swift */,
			);
			path = Controller;
			sourceTree = "<group>";
		};
		715A53601B89AE93009E7DF2 /* Controller */ = {
			isa = PBXGroup;
			children = (
				7134AD001C073DBC00865261 /* Account */,
				716CF1331C147EF90085CA23 /* Budget */,
				714935251BE34FF2006B6F12 /* CatlogManagePageViewController.swift */,
				7196DB1B1B8339800029A2A3 /* MoreViewController.swift */,
				710F4C2D1C0DF408002B704D /* SubjectTableViewController.swift */,
			);
			path = Controller;
			sourceTree = "<group>";
		};
		715A53611B89AEF8009E7DF2 /* Controller */ = {
			isa = PBXGroup;
			children = (
				714019051B8327AC00C97048 /* AccountBookViewController.swift */,
				715B10951BD7F3F20037BD21 /* AddAccountBookViewController.swift */,
			);
			path = Controller;
			sourceTree = "<group>";
		};
		715A53621B89AF06009E7DF2 /* Conmmon */ = {
			isa = PBXGroup;
			children = (
				7160EA021BD62A3400936FD2 /* BillType.swift */,
				7179DA701B85E67800A4D880 /* ColorBox.swift */,
				7160EA061BD62A8D00936FD2 /* ConsumeTypeData.swift */,
				71BC847C1BDFADE500C6F92A /* FWChartController.swift */,
			);
			path = Conmmon;
			sourceTree = "<group>";
		};
		715B107F1BD778510037BD21 /* ViewModel */ = {
			isa = PBXGroup;
			children = (
				715B107B1BD7784A0037BD21 /* AccountBookViewModel.swift */,
			);
			path = ViewModel;
			sourceTree = "<group>";
		};
		715B10801BD779AB0037BD21 /* Model */ = {
			isa = PBXGroup;
			children = (
				715B10871BD78A970037BD21 /* Account.swift */,
				715B10831BD783620037BD21 /* AccountBook.swift */,
				715B10851BD7854E0037BD21 /* Bill.swift */,
				715B10891BD78C410037BD21 /* Budget.swift */,
				715B108B1BD78D340037BD21 /* ConsumeptionType.swift */,
				715B108F1BD78E710037BD21 /* Instalment.swift */,
				715B10931BD78FA20037BD21 /* Statementable.swift */,
				715B10811BD779CA0037BD21 /* Statisticable.swift */,
				715B10911BD78F780037BD21 /* Subject.swift */,
				710F4C2A1C0C5208002B704D /* TestModel.swift */,
				715A0B6C1BEF29480069C012 /* User.swift */,
			);
			path = Model;
			sourceTree = "<group>";
		};
		716CF1331C147EF90085CA23 /* Budget */ = {
			isa = PBXGroup;
			children = (
				716CF1311C147EF20085CA23 /* BudgetSubTableViewController.swift */,
				716CF12F1C147D530085CA23 /* BudgetTableViewController.swift */,
			);
			path = Budget;
			sourceTree = "<group>";
		};
		716CF1371C1480130085CA23 /* ViewModel */ = {
			isa = PBXGroup;
			children = (
				7134ACF11C04ADF700865261 /* AccountViewModel.swift */,
				716CF1351C14800F0085CA23 /* BudgetViewModel.swift */,
				71747AAA1C00114E00338E62 /* LabelTableViewModel.swift */,
			);
			path = ViewModel;
			sourceTree = "<group>";
		};
		716CF1381C1481190085CA23 /* Model */ = {
			isa = PBXGroup;
			children = (
				7134ACF31C04AE0500865261 /* AccountModel.swift */,
				716CF1391C1481F60085CA23 /* BudgetModel.swift */,
				71747AAC1C00116300338E62 /* LabelTableModel.swift */,
			);
			path = Model;
			sourceTree = "<group>";
		};
		7173FDA61BF23EB500ECC5C6 /* Model */ = {
			isa = PBXGroup;
			children = (
				7173FDA41BF23E5000ECC5C6 /* AccountBookModel.swift */,
			);
			path = Model;
			sourceTree = "<group>";
		};
		7173FDAE1BF373A200ECC5C6 /* Agent */ = {
			isa = PBXGroup;
			children = (
				7173FDA71BF3288C00ECC5C6 /* TextFieldAgent.swift */,
			);
			path = Agent;
			sourceTree = "<group>";
		};
		7179DA601B857B8000A4D880 /* Portal */ = {
			isa = PBXGroup;
			children = (
				7179DA611B857B9B00A4D880 /* Controller */,
				714EC9A41BF771F5005C227C /* Model */,
				7179DA621B857BAB00A4D880 /* View */,
				7179DA631B857BC600A4D880 /* ViewModel */,
			);
			path = Portal;
			sourceTree = "<group>";
		};
		7179DA611B857B9B00A4D880 /* Controller */ = {
			isa = PBXGroup;
			children = (
				7134AD011C073DD400865261 /* ConsumeptionType */,
				7134AD021C073DED00865261 /* Subject */,
				7134ACEF1C04AD7D00865261 /* AccountPickerViewController.swift */,
				710DB3BB1B8247CB003E74FA /* AddBillViewController.swift */,
				711176841B93526300170668 /* DateViewController.swift */,
				712816471B92DE8200539691 /* NumberPadViewController.swift */,
				71AC48441BD21D050008B4F8 /* PreviewViewController.swift */,
				710DB38D1B81DFF6003E74FA /* ViewController.swift */,
			);
			path = Controller;
			sourceTree = "<group>";
		};
		7179DA621B857BAB00A4D880 /* View */ = {
			isa = PBXGroup;
			children = (
				715DD0DE1B8F5B430004ECAB /* CameraUIButton.swift */,
				7179DA6E1B85D05E00A4D880 /* ColumnChart.swift */,
				7179DA5A1B84E7E800A4D880 /* InfoPanelOfPortalView.swift */,
			);
			path = View;
			sourceTree = "<group>";
		};
		7179DA631B857BC600A4D880 /* ViewModel */ = {
			isa = PBXGroup;
			children = (
				71747AA61C0006A400338E62 /* AddBillViewModel.swift */,
				712DABC01C1F0874006A9871 /* ConsumeptionTypeIconCollectionAgent.swift */,
				7134ACEB1C036CEF00865261 /* ConsumeptionTypeViewModel.swift */,
				71A7F6E51BF63622006D2868 /* PortalViewModel.swift */,
			);
			path = ViewModel;
			sourceTree = "<group>";
		};
		7179DA641B857BEF00A4D880 /* AccountBook */ = {
			isa = PBXGroup;
			children = (
				715A53611B89AEF8009E7DF2 /* Controller */,
				7173FDA61BF23EB500ECC5C6 /* Model */,
				715B107F1BD778510037BD21 /* ViewModel */,
			);
			path = AccountBook;
			sourceTree = "<group>";
		};
		7179DA651B857BFC00A4D880 /* BillStream */ = {
			isa = PBXGroup;
			children = (
				715A535E1B89AE7D009E7DF2 /* Controller */,
				71341E4B1BDA1669004C0CAB /* View */,
				71D1C3711BD9D3C20055C36C /* ViewModel */,
				71FE8B771BDE4641004CAE24 /* xib */,
			);
			path = BillStream;
			sourceTree = "<group>";
		};
		7179DA661B857C0300A4D880 /* Statement */ = {
			isa = PBXGroup;
			children = (
				715A535F1B89AE8D009E7DF2 /* Controller */,
				71BC84801BE1CAD500C6F92A /* View */,
			);
			path = Statement;
			sourceTree = "<group>";
		};
		7179DA671B857C0C00A4D880 /* More */ = {
			isa = PBXGroup;
			children = (
				715A53601B89AE93009E7DF2 /* Controller */,
				716CF1381C1481190085CA23 /* Model */,
				71C2C78F1BE73E3D00673666 /* View */,
				716CF1371C1480130085CA23 /* ViewModel */,
				712C5ACE1C0A143500288CE6 /* xib */,
			);
			path = More;
			sourceTree = "<group>";
		};
		71A7F6E11BF59F5A006D2868 /* Realm */ = {
			isa = PBXGroup;
			children = (
				7173FDB01BF3A09F00ECC5C6 /* Realm+Extension.swift */,
				71A7F6DF1BF59ACD006D2868 /* RealmModel.swift */,
				715A0B6E1BF0ECDE0069C012 /* System.swift */,
			);
			path = Realm;
			sourceTree = "<group>";
		};
		71AC48481BD243070008B4F8 /* Extension */ = {
			isa = PBXGroup;
			children = (
				7173FDB21BF3B5B800ECC5C6 /* CALayer+Extension.swift */,
				71AC48461BD242FB0008B4F8 /* String+Extension.swift */,
			);
			path = Extension;
			sourceTree = "<group>";
		};
		71BC84801BE1CAD500C6F92A /* View */ = {
			isa = PBXGroup;
			children = (
				71BC847E1BE1CAD100C6F92A /* StatementViewCell.swift */,
			);
			path = View;
			sourceTree = "<group>";
		};
		71C2C78F1BE73E3D00673666 /* View */ = {
			isa = PBXGroup;
			children = (
				7134ACFA1C06004700865261 /* AccountHeaderView.swift */,
				71D720041BE730C800C586BF /* BudgetTableViewCell.swift */,
				716CF13D1C14A3200085CA23 /* BudgetTableViewHeaderFooterView.swift */,
			);
			path = View;
			sourceTree = "<group>";
		};
		71D1C3711BD9D3C20055C36C /* ViewModel */ = {
			isa = PBXGroup;
			children = (
				71D1C36D1BD9D3780055C36C /* BillStreamViewModel.swift */,
			);
			path = ViewModel;
			sourceTree = "<group>";
		};
		71FB74281BF8A81E006205E4 /* KuaijizhangTests */ = {
			isa = PBXGroup;
			children = (
				71FB74311BF8A8BB006205E4 /* DateHelperTest.swift */,
				71FB742B1BF8A81E006205E4 /* Info.plist */,
				71FDB8711C0AD93B00FEB1B6 /* RealmModelTest.swift */,
				71C44DF91C0AD8780002F627 /* TestCaseBase.swift */,
			);
			path = KuaijizhangTests;
			sourceTree = "<group>";
		};
		71FE8B771BDE4641004CAE24 /* xib */ = {
			isa = PBXGroup;
			children = (
				71341E471BDA05C1004C0CAB /* BillStreamHeaderView.xib */,
				71F24A991BDB782B002177C5 /* BillStreamHeaderWithExpense.xib */,
				71F24A951BDB7802002177C5 /* BillStreamHeaderWithIncome.xib */,
			);
			path = xib;
			sourceTree = "<group>";
		};
		B8EA83A42DE02B9F281AB1A4 /* Frameworks */ = {
			isa = PBXGroup;
			children = (
				7173946E1C0C494F00C8EB58 /* RealmSwift.framework */,
				7173946C1C0C494A00C8EB58 /* Realm.framework */,
				717394641C0C383100C8EB58 /* RealmSwift.framework */,
				717394621C0C382B00C8EB58 /* Realm.framework */,
				90C5E098CEB512BE7A2D8640 /* Pods.framework */,
			);
			name = Frameworks;
			sourceTree = "<group>";
		};
/* End PBXGroup section */

/* Begin PBXNativeTarget section */
		710DB3871B81DFF6003E74FA /* Kuaijizhang */ = {
			isa = PBXNativeTarget;
			buildConfigurationList = 710DB3B01B81DFF6003E74FA /* Build configuration list for PBXNativeTarget "Kuaijizhang" */;
			buildPhases = (
				F4F96406D8200A576A4C7D13 /* Check Pods Manifest.lock */,
				710DB3841B81DFF6003E74FA /* Sources */,
				710DB3851B81DFF6003E74FA /* Frameworks */,
				710DB3861B81DFF6003E74FA /* Resources */,
				E8AEFC8DD38E9F010F7085F5 /* Embed Pods Frameworks */,
				141840DC2645FFD82E0715C6 /* Copy Pods Resources */,
			);
			buildRules = (
			);
			dependencies = (
			);
			name = Kuaijizhang;
			productName = Kuaijizhang;
			productReference = 710DB3881B81DFF6003E74FA /* Kuaijizhang.app */;
			productType = "com.apple.product-type.application";
		};
		710DB3A61B81DFF6003E74FA /* KuaijizhangUITests */ = {
			isa = PBXNativeTarget;
			buildConfigurationList = 710DB3B61B81DFF6003E74FA /* Build configuration list for PBXNativeTarget "KuaijizhangUITests" */;
			buildPhases = (
				710DB3A31B81DFF6003E74FA /* Sources */,
				710DB3A41B81DFF6003E74FA /* Frameworks */,
				710DB3A51B81DFF6003E74FA /* Resources */,
			);
			buildRules = (
			);
			dependencies = (
				710DB3A91B81DFF6003E74FA /* PBXTargetDependency */,
			);
			name = KuaijizhangUITests;
			productName = KuaijizhangUITests;
			productReference = 710DB3A71B81DFF6003E74FA /* KuaijizhangUITests.xctest */;
			productType = "com.apple.product-type.bundle.ui-testing";
		};
		71FB74261BF8A81E006205E4 /* KuaijizhangTests */ = {
			isa = PBXNativeTarget;
			buildConfigurationList = 71FB742E1BF8A81E006205E4 /* Build configuration list for PBXNativeTarget "KuaijizhangTests" */;
			buildPhases = (
				71FB74231BF8A81E006205E4 /* Sources */,
				71FB74241BF8A81E006205E4 /* Frameworks */,
				71FB74251BF8A81E006205E4 /* Resources */,
			);
			buildRules = (
			);
			dependencies = (
				710F4C1E1C0C4AEB002B704D /* PBXTargetDependency */,
			);
			name = KuaijizhangTests;
			productName = KuaijizhangTests;
			productReference = 71FB74271BF8A81E006205E4 /* KuaijizhangTests.xctest */;
			productType = "com.apple.product-type.bundle.unit-test";
		};
/* End PBXNativeTarget section */

/* Begin PBXProject section */
		710DB3801B81DFF6003E74FA /* Project object */ = {
			isa = PBXProject;
			attributes = {
				LastSwiftMigration = 0710;
				LastSwiftUpdateCheck = 0710;
				LastUpgradeCheck = 0700;
				ORGANIZATIONNAME = "范伟";
				TargetAttributes = {
					710DB3871B81DFF6003E74FA = {
						CreatedOnToolsVersion = 7.0;
						DevelopmentTeam = TS7743SCU4;
					};
					710DB3A61B81DFF6003E74FA = {
						CreatedOnToolsVersion = 7.0;
						DevelopmentTeam = TS7743SCU4;
						TestTargetID = 710DB3871B81DFF6003E74FA;
					};
					71FB74261BF8A81E006205E4 = {
						CreatedOnToolsVersion = 7.1.1;
						DevelopmentTeam = TS7743SCU4;
						TestTargetID = 710DB3871B81DFF6003E74FA;
					};
				};
			};
			buildConfigurationList = 710DB3831B81DFF6003E74FA /* Build configuration list for PBXProject "Kuaijizhang" */;
			compatibilityVersion = "Xcode 3.2";
			developmentRegion = English;
			hasScannedForEncodings = 0;
			knownRegions = (
				en,
				Base,
			);
			mainGroup = 710DB37F1B81DFF6003E74FA;
			productRefGroup = 710DB3891B81DFF6003E74FA /* Products */;
			projectDirPath = "";
			projectRoot = "";
			targets = (
				710DB3871B81DFF6003E74FA /* Kuaijizhang */,
				710DB3A61B81DFF6003E74FA /* KuaijizhangUITests */,
				71FB74261BF8A81E006205E4 /* KuaijizhangTests */,
			);
		};
/* End PBXProject section */

/* Begin PBXResourcesBuildPhase section */
		710DB3861B81DFF6003E74FA /* Resources */ = {
			isa = PBXResourcesBuildPhase;
			buildActionMask = 2147483647;
			files = (
				712C5ACD1C0A141900288CE6 /* AccountHeader.xib in Resources */,
				710DB3961B81DFF6003E74FA /* LaunchScreen.storyboard in Resources */,
				71341E481BDA05C1004C0CAB /* BillStreamHeaderView.xib in Resources */,
				710DB3931B81DFF6003E74FA /* Assets.xcassets in Resources */,
				716CF13C1C14A1870085CA23 /* BudgetHeaderView.xib in Resources */,
				710DB3911B81DFF6003E74FA /* Main.storyboard in Resources */,
				71F24A961BDB7802002177C5 /* BillStreamHeaderWithIncome.xib in Resources */,
				71F24A9A1BDB782B002177C5 /* BillStreamHeaderWithExpense.xib in Resources */,
				7173FDA01BF1E82E00ECC5C6 /* DefaultAccountBook.plist in Resources */,
			);
			runOnlyForDeploymentPostprocessing = 0;
		};
		710DB3A51B81DFF6003E74FA /* Resources */ = {
			isa = PBXResourcesBuildPhase;
			buildActionMask = 2147483647;
			files = (
			);
			runOnlyForDeploymentPostprocessing = 0;
		};
		71FB74251BF8A81E006205E4 /* Resources */ = {
			isa = PBXResourcesBuildPhase;
			buildActionMask = 2147483647;
			files = (
			);
			runOnlyForDeploymentPostprocessing = 0;
		};
/* End PBXResourcesBuildPhase section */

/* Begin PBXShellScriptBuildPhase section */
		141840DC2645FFD82E0715C6 /* Copy Pods Resources */ = {
			isa = PBXShellScriptBuildPhase;
			buildActionMask = 2147483647;
			files = (
			);
			inputPaths = (
			);
			name = "Copy Pods Resources";
			outputPaths = (
			);
			runOnlyForDeploymentPostprocessing = 0;
			shellPath = /bin/sh;
			shellScript = "\"${SRCROOT}/Pods/Target Support Files/Pods/Pods-resources.sh\"\n";
			showEnvVarsInLog = 0;
		};
		E8AEFC8DD38E9F010F7085F5 /* Embed Pods Frameworks */ = {
			isa = PBXShellScriptBuildPhase;
			buildActionMask = 2147483647;
			files = (
			);
			inputPaths = (
			);
			name = "Embed Pods Frameworks";
			outputPaths = (
			);
			runOnlyForDeploymentPostprocessing = 0;
			shellPath = /bin/sh;
			shellScript = "\"${SRCROOT}/Pods/Target Support Files/Pods/Pods-frameworks.sh\"\n";
			showEnvVarsInLog = 0;
		};
		F4F96406D8200A576A4C7D13 /* Check Pods Manifest.lock */ = {
			isa = PBXShellScriptBuildPhase;
			buildActionMask = 2147483647;
			files = (
			);
			inputPaths = (
			);
			name = "Check Pods Manifest.lock";
			outputPaths = (
			);
			runOnlyForDeploymentPostprocessing = 0;
			shellPath = /bin/sh;
			shellScript = "diff \"${PODS_ROOT}/../Podfile.lock\" \"${PODS_ROOT}/Manifest.lock\" > /dev/null\nif [[ $? != 0 ]] ; then\n    cat << EOM\nerror: The sandbox is not in sync with the Podfile.lock. Run 'pod install' or update your CocoaPods installation.\nEOM\n    exit 1\nfi\n";
			showEnvVarsInLog = 0;
		};
/* End PBXShellScriptBuildPhase section */

/* Begin PBXSourcesBuildPhase section */
		710DB3841B81DFF6003E74FA /* Sources */ = {
			isa = PBXSourcesBuildPhase;
			buildActionMask = 2147483647;
			files = (
				716CF13A1C1481F60085CA23 /* BudgetModel.swift in Sources */,
				71747AAB1C00114E00338E62 /* LabelTableViewModel.swift in Sources */,
				7160EA071BD62A8D00936FD2 /* ConsumeTypeData.swift in Sources */,
				716CF1301C147D530085CA23 /* BudgetTableViewController.swift in Sources */,
				7173FDA81BF3288C00ECC5C6 /* TextFieldAgent.swift in Sources */,
				7160EA031BD62A3400936FD2 /* BillType.swift in Sources */,
				71624AEA1C1B085700537DC7 /* ChildConsumeTypeListViewController.swift in Sources */,
				712DABC11C1F0874006A9871 /* ConsumeptionTypeIconCollectionAgent.swift in Sources */,
				71341E4A1BDA1662004C0CAB /* BillStreamHeaderView.swift in Sources */,
				711C67161B94894800219806 /* LabelTableViewController.swift in Sources */,
				7134ACF61C04BF0600865261 /* AccountTableViewController.swift in Sources */,
				715B10961BD7F3F20037BD21 /* AddAccountBookViewController.swift in Sources */,
				715DD0DF1B8F5B430004ECAB /* CameraUIButton.swift in Sources */,
				7134ACEC1C036CEF00865261 /* ConsumeptionTypeViewModel.swift in Sources */,
				714935261BE34FF2006B6F12 /* CatlogManagePageViewController.swift in Sources */,
				712DABBF1C1DD868006A9871 /* AddChildConsumeTypeViewController.swift in Sources */,
				71341E4D1BDA1B6B004C0CAB /* BillStreamViewCell.swift in Sources */,
				7179DA711B85E67800A4D880 /* ColorBox.swift in Sources */,
				715B10881BD78A970037BD21 /* Account.swift in Sources */,
				7179DA5B1B84E7E800A4D880 /* InfoPanelOfPortalView.swift in Sources */,
				7196DB1C1B8339800029A2A3 /* MoreViewController.swift in Sources */,
				7179DA6F1B85D05E00A4D880 /* ColumnChart.swift in Sources */,
				710F4C2B1C0C5208002B704D /* TestModel.swift in Sources */,
				715B10861BD7854E0037BD21 /* Bill.swift in Sources */,
				710F4C2E1C0DF408002B704D /* SubjectTableViewController.swift in Sources */,
				7196DB1A1B8339660029A2A3 /* StatementViewController.swift in Sources */,
				7173FDB11BF3A09F00ECC5C6 /* Realm+Extension.swift in Sources */,
				715B10821BD779CA0037BD21 /* Statisticable.swift in Sources */,
				710DB38E1B81DFF6003E74FA /* ViewController.swift in Sources */,
				71AC484A1BD279800008B4F8 /* ParentConsumeTypeListViewController.swift in Sources */,
				7134ACF21C04ADF700865261 /* AccountViewModel.swift in Sources */,
				715A0B6F1BF0ECDE0069C012 /* System.swift in Sources */,
				71BC84761BDF363A00C6F92A /* StatmentAnalysisViewController.swift in Sources */,
				7134ACFF1C073A4A00865261 /* AddAccountTableViewController.swift in Sources */,
				71D1C36E1BD9D3780055C36C /* BillStreamViewModel.swift in Sources */,
				71A7F6E61BF63622006D2868 /* PortalViewModel.swift in Sources */,
				715B10921BD78F780037BD21 /* Subject.swift in Sources */,
				715A0B6D1BEF29480069C012 /* User.swift in Sources */,
				7173FDB31BF3B5B800ECC5C6 /* CALayer+Extension.swift in Sources */,
				71BC847A1BDF365E00C6F92A /* StatementSearchConditionViewController.swift in Sources */,
				71BC847F1BE1CAD100C6F92A /* StatementViewCell.swift in Sources */,
				7173FDA51BF23E5000ECC5C6 /* AccountBookModel.swift in Sources */,
				71BC847D1BDFADE500C6F92A /* FWChartController.swift in Sources */,
				71D720051BE730C800C586BF /* BudgetTableViewCell.swift in Sources */,
				71EB6D901C0B2E590072BCE7 /* ViewModelBase.swift in Sources */,
				71AC48451BD21D050008B4F8 /* PreviewViewController.swift in Sources */,
				71A7F6E41BF5D74D006D2868 /* UIAlertHelper.swift in Sources */,
				714EC9A31BF771EA005C227C /* PortalModel.swift in Sources */,
				712816481B92DE8200539691 /* NumberPadViewController.swift in Sources */,
				716CF1361C14800F0085CA23 /* BudgetViewModel.swift in Sources */,
				7134ACF01C04AD7D00865261 /* AccountPickerViewController.swift in Sources */,
				71EB6D921C0B2EB60072BCE7 /* ModelBase.swift in Sources */,
				716CF1321C147EF20085CA23 /* BudgetSubTableViewController.swift in Sources */,
				7134ACFD1C07388A00865261 /* AccountTypeTableViewController.swift in Sources */,
				71AC484C1BD2B7850008B4F8 /* AddParentConsumeTypeViewController.swift in Sources */,
				716CF13E1C14A3200085CA23 /* BudgetTableViewHeaderFooterView.swift in Sources */,
				711176851B93526300170668 /* DateViewController.swift in Sources */,
				715B107C1BD7784A0037BD21 /* AccountBookViewModel.swift in Sources */,
				7134ACF41C04AE0500865261 /* AccountModel.swift in Sources */,
				715B10841BD783620037BD21 /* AccountBook.swift in Sources */,
				715B108C1BD78D340037BD21 /* ConsumeptionType.swift in Sources */,
				715B108A1BD78C410037BD21 /* Budget.swift in Sources */,
				715B10941BD78FA20037BD21 /* Statementable.swift in Sources */,
				715B10901BD78E710037BD21 /* Instalment.swift in Sources */,
				71341E511BDA2F0B004C0CAB /* BillStreamTableViewController.swift in Sources */,
				714019061B8327AC00C97048 /* AccountBookViewController.swift in Sources */,
				710DB38C1B81DFF6003E74FA /* AppDelegate.swift in Sources */,
				71AC48471BD242FB0008B4F8 /* String+Extension.swift in Sources */,
				71A7F6E01BF59ACD006D2868 /* RealmModel.swift in Sources */,
				71747AA91C0006C200338E62 /* AddBillModel.swift in Sources */,
				7134ACEE1C036DA300865261 /* ConsumeptionTypeModel.swift in Sources */,
				71747AA71C0006A400338E62 /* AddBillViewModel.swift in Sources */,
				7134ACFB1C06004700865261 /* AccountHeaderView.swift in Sources */,
				71A7F6DE1BF58EC4006D2868 /* ViewModelNotifiable.swift in Sources */,
				71FB01C91B934A4C00575D5C /* ConsumeptionTypePickerViewController.swift in Sources */,
				71747AAD1C00116300338E62 /* LabelTableModel.swift in Sources */,
				714EC9A11BF76679005C227C /* DateHelper.swift in Sources */,
				716CF12E1C1471230085CA23 /* Delay.swift in Sources */,
				711C67181B94896F00219806 /* AddLabelViewController.swift in Sources */,
				710DB3BC1B8247CB003E74FA /* AddBillViewController.swift in Sources */,
			);
			runOnlyForDeploymentPostprocessing = 0;
		};
		710DB3A31B81DFF6003E74FA /* Sources */ = {
			isa = PBXSourcesBuildPhase;
			buildActionMask = 2147483647;
			files = (
				710DB3AC1B81DFF6003E74FA /* KuaijizhangUITests.swift in Sources */,
			);
			runOnlyForDeploymentPostprocessing = 0;
		};
		71FB74231BF8A81E006205E4 /* Sources */ = {
			isa = PBXSourcesBuildPhase;
			buildActionMask = 2147483647;
			files = (
				710F4C271C0C5178002B704D /* RealmModelTest.swift in Sources */,
				710F4C281C0C5178002B704D /* TestCaseBase.swift in Sources */,
				710F4C291C0C5178002B704D /* DateHelperTest.swift in Sources */,
			);
			runOnlyForDeploymentPostprocessing = 0;
		};
/* End PBXSourcesBuildPhase section */

/* Begin PBXTargetDependency section */
		710DB3A91B81DFF6003E74FA /* PBXTargetDependency */ = {
			isa = PBXTargetDependency;
			target = 710DB3871B81DFF6003E74FA /* Kuaijizhang */;
			targetProxy = 710DB3A81B81DFF6003E74FA /* PBXContainerItemProxy */;
		};
		710F4C1E1C0C4AEB002B704D /* PBXTargetDependency */ = {
			isa = PBXTargetDependency;
			target = 710DB3871B81DFF6003E74FA /* Kuaijizhang */;
			targetProxy = 710F4C1D1C0C4AEB002B704D /* PBXContainerItemProxy */;
		};
/* End PBXTargetDependency section */

/* Begin PBXVariantGroup section */
		710DB38F1B81DFF6003E74FA /* Main.storyboard */ = {
			isa = PBXVariantGroup;
			children = (
				710DB3901B81DFF6003E74FA /* Base */,
			);
			name = Main.storyboard;
			path = .;
			sourceTree = "<group>";
		};
		710DB3941B81DFF6003E74FA /* LaunchScreen.storyboard */ = {
			isa = PBXVariantGroup;
			children = (
				710DB3951B81DFF6003E74FA /* Base */,
			);
			name = LaunchScreen.storyboard;
			path = .;
			sourceTree = "<group>";
		};
/* End PBXVariantGroup section */

/* Begin XCBuildConfiguration section */
		710DB3AE1B81DFF6003E74FA /* Debug */ = {
			isa = XCBuildConfiguration;
			buildSettings = {
				ALWAYS_SEARCH_USER_PATHS = NO;
				CLANG_CXX_LANGUAGE_STANDARD = "gnu++0x";
				CLANG_CXX_LIBRARY = "libc++";
				CLANG_ENABLE_MODULES = YES;
				CLANG_ENABLE_OBJC_ARC = YES;
				CLANG_WARN_BOOL_CONVERSION = YES;
				CLANG_WARN_CONSTANT_CONVERSION = YES;
				CLANG_WARN_DIRECT_OBJC_ISA_USAGE = YES_ERROR;
				CLANG_WARN_EMPTY_BODY = YES;
				CLANG_WARN_ENUM_CONVERSION = YES;
				CLANG_WARN_INT_CONVERSION = YES;
				CLANG_WARN_OBJC_ROOT_CLASS = YES_ERROR;
				CLANG_WARN_UNREACHABLE_CODE = YES;
				CLANG_WARN__DUPLICATE_METHOD_MATCH = YES;
				"CODE_SIGN_IDENTITY[sdk=iphoneos*]" = "iPhone Developer";
				COPY_PHASE_STRIP = NO;
				DEBUG_INFORMATION_FORMAT = dwarf;
				EMBEDDED_CONTENT_CONTAINS_SWIFT = NO;
				ENABLE_STRICT_OBJC_MSGSEND = YES;
				ENABLE_TESTABILITY = YES;
				GCC_C_LANGUAGE_STANDARD = gnu99;
				GCC_DYNAMIC_NO_PIC = NO;
				GCC_NO_COMMON_BLOCKS = YES;
				GCC_OPTIMIZATION_LEVEL = 0;
				GCC_PREPROCESSOR_DEFINITIONS = (
					"DEBUG=1",
					"$(inherited)",
				);
				GCC_WARN_64_TO_32_BIT_CONVERSION = YES;
				GCC_WARN_ABOUT_RETURN_TYPE = YES_ERROR;
				GCC_WARN_UNDECLARED_SELECTOR = YES;
				GCC_WARN_UNINITIALIZED_AUTOS = YES_AGGRESSIVE;
				GCC_WARN_UNUSED_FUNCTION = YES;
				GCC_WARN_UNUSED_VARIABLE = YES;
				IPHONEOS_DEPLOYMENT_TARGET = 9.0;
				MTL_ENABLE_DEBUG_INFO = YES;
				ONLY_ACTIVE_ARCH = YES;
				SDKROOT = iphoneos;
				SWIFT_OBJC_BRIDGING_HEADER = "./Kuaijizhang/swift-objc-bridge-header.h";
				SWIFT_OPTIMIZATION_LEVEL = "-Onone";
				TARGETED_DEVICE_FAMILY = "1,2";
			};
			name = Debug;
		};
		710DB3AF1B81DFF6003E74FA /* Release */ = {
			isa = XCBuildConfiguration;
			buildSettings = {
				ALWAYS_SEARCH_USER_PATHS = NO;
				CLANG_CXX_LANGUAGE_STANDARD = "gnu++0x";
				CLANG_CXX_LIBRARY = "libc++";
				CLANG_ENABLE_MODULES = YES;
				CLANG_ENABLE_OBJC_ARC = YES;
				CLANG_WARN_BOOL_CONVERSION = YES;
				CLANG_WARN_CONSTANT_CONVERSION = YES;
				CLANG_WARN_DIRECT_OBJC_ISA_USAGE = YES_ERROR;
				CLANG_WARN_EMPTY_BODY = YES;
				CLANG_WARN_ENUM_CONVERSION = YES;
				CLANG_WARN_INT_CONVERSION = YES;
				CLANG_WARN_OBJC_ROOT_CLASS = YES_ERROR;
				CLANG_WARN_UNREACHABLE_CODE = YES;
				CLANG_WARN__DUPLICATE_METHOD_MATCH = YES;
				"CODE_SIGN_IDENTITY[sdk=iphoneos*]" = "iPhone Developer";
				COPY_PHASE_STRIP = NO;
				DEBUG_INFORMATION_FORMAT = "dwarf-with-dsym";
				EMBEDDED_CONTENT_CONTAINS_SWIFT = NO;
				ENABLE_NS_ASSERTIONS = NO;
				ENABLE_STRICT_OBJC_MSGSEND = YES;
				GCC_C_LANGUAGE_STANDARD = gnu99;
				GCC_NO_COMMON_BLOCKS = YES;
				GCC_WARN_64_TO_32_BIT_CONVERSION = YES;
				GCC_WARN_ABOUT_RETURN_TYPE = YES_ERROR;
				GCC_WARN_UNDECLARED_SELECTOR = YES;
				GCC_WARN_UNINITIALIZED_AUTOS = YES_AGGRESSIVE;
				GCC_WARN_UNUSED_FUNCTION = YES;
				GCC_WARN_UNUSED_VARIABLE = YES;
				IPHONEOS_DEPLOYMENT_TARGET = 9.0;
				MTL_ENABLE_DEBUG_INFO = NO;
				SDKROOT = iphoneos;
				SWIFT_OBJC_BRIDGING_HEADER = "./Kuaijizhang/swift-objc-bridge-header.h";
				TARGETED_DEVICE_FAMILY = "1,2";
				VALIDATE_PRODUCT = YES;
			};
			name = Release;
		};
		710DB3B11B81DFF6003E74FA /* Debug */ = {
			isa = XCBuildConfiguration;
			baseConfigurationReference = 2F694ECA293A1AC5422BD727 /* Pods.debug.xcconfig */;
			buildSettings = {
				ASSETCATALOG_COMPILER_APPICON_NAME = AppIcon;
				DEFINES_MODULE = YES;
				GCC_SYMBOLS_PRIVATE_EXTERN = NO;
				INFOPLIST_FILE = Kuaijizhang/Info.plist;
				IPHONEOS_DEPLOYMENT_TARGET = 8.0;
				LD_RUNPATH_SEARCH_PATHS = "$(inherited) @executable_path/Frameworks";
				PRODUCT_BUNDLE_IDENTIFIER = com.vancysheva.Kuaijizhang;
				PRODUCT_NAME = "$(TARGET_NAME)";
				SWIFT_INCLUDE_PATHS = "";
				SWIFT_OBJC_BRIDGING_HEADER = "";
				TARGETED_DEVICE_FAMILY = "1,2";
			};
			name = Debug;
		};
		710DB3B21B81DFF6003E74FA /* Release */ = {
			isa = XCBuildConfiguration;
			baseConfigurationReference = 3D7F154DE9342BFDBA62A406 /* Pods.release.xcconfig */;
			buildSettings = {
				ASSETCATALOG_COMPILER_APPICON_NAME = AppIcon;
				DEFINES_MODULE = YES;
				INFOPLIST_FILE = Kuaijizhang/Info.plist;
				IPHONEOS_DEPLOYMENT_TARGET = 8.0;
				LD_RUNPATH_SEARCH_PATHS = "$(inherited) @executable_path/Frameworks";
				PRODUCT_BUNDLE_IDENTIFIER = com.vancysheva.Kuaijizhang;
				PRODUCT_NAME = "$(TARGET_NAME)";
				SWIFT_INCLUDE_PATHS = "";
				SWIFT_OBJC_BRIDGING_HEADER = "";
				TARGETED_DEVICE_FAMILY = "1,2";
			};
			name = Release;
		};
		710DB3B71B81DFF6003E74FA /* Debug */ = {
			isa = XCBuildConfiguration;
			buildSettings = {
				INFOPLIST_FILE = KuaijizhangUITests/Info.plist;
				LD_RUNPATH_SEARCH_PATHS = "$(inherited) @executable_path/Frameworks @loader_path/Frameworks";
				PRODUCT_BUNDLE_IDENTIFIER = com.vancysheva.KuaijizhangUITests;
				PRODUCT_NAME = "$(TARGET_NAME)";
				TEST_TARGET_NAME = Kuaijizhang;
				USES_XCTRUNNER = YES;
			};
			name = Debug;
		};
		710DB3B81B81DFF6003E74FA /* Release */ = {
			isa = XCBuildConfiguration;
			buildSettings = {
				INFOPLIST_FILE = KuaijizhangUITests/Info.plist;
				LD_RUNPATH_SEARCH_PATHS = "$(inherited) @executable_path/Frameworks @loader_path/Frameworks";
				PRODUCT_BUNDLE_IDENTIFIER = com.vancysheva.KuaijizhangUITests;
				PRODUCT_NAME = "$(TARGET_NAME)";
				TEST_TARGET_NAME = Kuaijizhang;
				USES_XCTRUNNER = YES;
			};
			name = Release;
		};
		71FB742F1BF8A81E006205E4 /* Debug */ = {
			isa = XCBuildConfiguration;
			buildSettings = {
				BUNDLE_LOADER = "$(TEST_HOST)";
				FRAMEWORK_SEARCH_PATHS = "$(PROJECT_DIR)/build/Debug-iphoneos";
				GCC_GENERATE_TEST_COVERAGE_FILES = NO;
				GCC_SYMBOLS_PRIVATE_EXTERN = NO;
				INFOPLIST_FILE = KuaijizhangTests/Info.plist;
				IPHONEOS_DEPLOYMENT_TARGET = 9.1;
				LD_RUNPATH_SEARCH_PATHS = "$(inherited) @executable_path/Frameworks @loader_path/Frameworks";
				PRODUCT_BUNDLE_IDENTIFIER = com.vancysheva.KuaijizhangTests;
				PRODUCT_NAME = "$(TARGET_NAME)";
				SWIFT_INCLUDE_PATHS = "";
				TEST_HOST = "$(BUILT_PRODUCTS_DIR)/Kuaijizhang.app/Kuaijizhang";
			};
			name = Debug;
		};
		71FB74301BF8A81E006205E4 /* Release */ = {
			isa = XCBuildConfiguration;
			buildSettings = {
				BUNDLE_LOADER = "$(TEST_HOST)";
				FRAMEWORK_SEARCH_PATHS = "$(PROJECT_DIR)/build/Debug-iphoneos";
				GCC_GENERATE_TEST_COVERAGE_FILES = NO;
				GCC_SYMBOLS_PRIVATE_EXTERN = YES;
				INFOPLIST_FILE = KuaijizhangTests/Info.plist;
				IPHONEOS_DEPLOYMENT_TARGET = 9.1;
				LD_RUNPATH_SEARCH_PATHS = "$(inherited) @executable_path/Frameworks @loader_path/Frameworks";
				PRODUCT_BUNDLE_IDENTIFIER = com.vancysheva.KuaijizhangTests;
				PRODUCT_NAME = "$(TARGET_NAME)";
				TEST_HOST = "$(BUILT_PRODUCTS_DIR)/Kuaijizhang.app/Kuaijizhang";
			};
			name = Release;
		};
/* End XCBuildConfiguration section */

/* Begin XCConfigurationList section */
		710DB3831B81DFF6003E74FA /* Build configuration list for PBXProject "Kuaijizhang" */ = {
			isa = XCConfigurationList;
			buildConfigurations = (
				710DB3AE1B81DFF6003E74FA /* Debug */,
				710DB3AF1B81DFF6003E74FA /* Release */,
			);
			defaultConfigurationIsVisible = 0;
			defaultConfigurationName = Release;
		};
		710DB3B01B81DFF6003E74FA /* Build configuration list for PBXNativeTarget "Kuaijizhang" */ = {
			isa = XCConfigurationList;
			buildConfigurations = (
				710DB3B11B81DFF6003E74FA /* Debug */,
				710DB3B21B81DFF6003E74FA /* Release */,
			);
			defaultConfigurationIsVisible = 0;
			defaultConfigurationName = Release;
		};
		710DB3B61B81DFF6003E74FA /* Build configuration list for PBXNativeTarget "KuaijizhangUITests" */ = {
			isa = XCConfigurationList;
			buildConfigurations = (
				710DB3B71B81DFF6003E74FA /* Debug */,
				710DB3B81B81DFF6003E74FA /* Release */,
			);
			defaultConfigurationIsVisible = 0;
			defaultConfigurationName = Release;
		};
		71FB742E1BF8A81E006205E4 /* Build configuration list for PBXNativeTarget "KuaijizhangTests" */ = {
			isa = XCConfigurationList;
			buildConfigurations = (
				71FB742F1BF8A81E006205E4 /* Debug */,
				71FB74301BF8A81E006205E4 /* Release */,
			);
			defaultConfigurationIsVisible = 0;
			defaultConfigurationName = Release;
		};
/* End XCConfigurationList section */
	};
	rootObject = 710DB3801B81DFF6003E74FA /* Project object */;
}
